// !$*UTF8*$!
{
	archiveVersion = 1;
	classes = {
	};
	objectVersion = 51;
	objects = {

/* Begin PBXBuildFile section */
		AA86212426EEF6E9007094B8 /* AppDelegate.swift in Sources */ = {isa = PBXBuildFile; fileRef = AA86212326EEF6E9007094B8 /* AppDelegate.swift */; };
		AA86212B26EEF6E9007094B8 /* Main.storyboard in Resources */ = {isa = PBXBuildFile; fileRef = AA86212926EEF6E9007094B8 /* Main.storyboard */; };
		AA86212D26EEF6EA007094B8 /* Assets.xcassets in Resources */ = {isa = PBXBuildFile; fileRef = AA86212C26EEF6EA007094B8 /* Assets.xcassets */; };
		AA86213026EEF6EA007094B8 /* LaunchScreen.storyboard in Resources */ = {isa = PBXBuildFile; fileRef = AA86212E26EEF6EA007094B8 /* LaunchScreen.storyboard */; };
		AADCECF926FC14F000BA1151 /* UMShareSwiftInterface.swift in Sources */ = {isa = PBXBuildFile; fileRef = AADCECB226FC14EF00BA1151 /* UMShareSwiftInterface.swift */; };
		AADCECFA26FC14F000BA1151 /* UMessageSwiftInterface.swift in Sources */ = {isa = PBXBuildFile; fileRef = AADCECB326FC14EF00BA1151 /* UMessageSwiftInterface.swift */; };
		AADCECFB26FC14F000BA1151 /* LoginClassroomViewController.swift in Sources */ = {isa = PBXBuildFile; fileRef = AADCECB726FC14EF00BA1151 /* LoginClassroomViewController.swift */; };
		AADCECFC26FC14F000BA1151 /* AvatarListCell.swift in Sources */ = {isa = PBXBuildFile; fileRef = AADCECBC26FC14EF00BA1151 /* AvatarListCell.swift */; };
		AADCECFD26FC14F000BA1151 /* AvatarListViewController.swift in Sources */ = {isa = PBXBuildFile; fileRef = AADCECBD26FC14EF00BA1151 /* AvatarListViewController.swift */; };
		AADCECFE26FC14F000BA1151 /* SetClassroomViewController.swift in Sources */ = {isa = PBXBuildFile; fileRef = AADCECBE26FC14EF00BA1151 /* SetClassroomViewController.swift */; };
		AADCECFF26FC14F000BA1151 /* VideoNumberCell.swift in Sources */ = {isa = PBXBuildFile; fileRef = AADCECC226FC14EF00BA1151 /* VideoNumberCell.swift */; };
		AADCED0026FC14F000BA1151 /* CourseDetailViewController.swift in Sources */ = {isa = PBXBuildFile; fileRef = AADCECC326FC14EF00BA1151 /* CourseDetailViewController.swift */; };
		AADCED0126FC14F000BA1151 /* HistoryCourseCell.swift in Sources */ = {isa = PBXBuildFile; fileRef = AADCECC426FC14EF00BA1151 /* HistoryCourseCell.swift */; };
		AADCED0226FC14F000BA1151 /* HistoryCourseViewController.swift in Sources */ = {isa = PBXBuildFile; fileRef = AADCECC526FC14EF00BA1151 /* HistoryCourseViewController.swift */; };
		AADCED0326FC14F000BA1151 /* HistoryCourseModel.swift in Sources */ = {isa = PBXBuildFile; fileRef = AADCECC626FC14EF00BA1151 /* HistoryCourseModel.swift */; };
		AADCED0426FC14F000BA1151 /* CreateClassroomViewController.swift in Sources */ = {isa = PBXBuildFile; fileRef = AADCECC826FC14EF00BA1151 /* CreateClassroomViewController.swift */; };
		AADCED0526FC14F000BA1151 /* CombinationTextFieldView.swift in Sources */ = {isa = PBXBuildFile; fileRef = AADCECCA26FC14EF00BA1151 /* CombinationTextFieldView.swift */; };
		AADCED0626FC14F000BA1151 /* QMTextFieldView.swift in Sources */ = {isa = PBXBuildFile; fileRef = AADCECCB26FC14F000BA1151 /* QMTextFieldView.swift */; };
		AADCED0726FC14F000BA1151 /* APPLaunchPageViewController.swift in Sources */ = {isa = PBXBuildFile; fileRef = AADCECCD26FC14F000BA1151 /* APPLaunchPageViewController.swift */; };
		AADCED0826FC14F000BA1151 /* APPGuidePageViewController.swift in Sources */ = {isa = PBXBuildFile; fileRef = AADCECCF26FC14F000BA1151 /* APPGuidePageViewController.swift */; };
		AADCED0926FC14F000BA1151 /* LoginAuthModel.swift in Sources */ = {isa = PBXBuildFile; fileRef = AADCECD126FC14F000BA1151 /* LoginAuthModel.swift */; };
		AADCED0A26FC14F000BA1151 /* BaseNavigationController.swift in Sources */ = {isa = PBXBuildFile; fileRef = AADCECD426FC14F000BA1151 /* BaseNavigationController.swift */; };
		AADCED0B26FC14F000BA1151 /* APPTextFieldViewController.swift in Sources */ = {isa = PBXBuildFile; fileRef = AADCECD626FC14F000BA1151 /* APPTextFieldViewController.swift */; };
		AADCED0C26FC14F000BA1151 /* UIDevice+Extension.swift in Sources */ = {isa = PBXBuildFile; fileRef = AADCECD826FC14F000BA1151 /* UIDevice+Extension.swift */; };
		AADCED0D26FC14F000BA1151 /* UIAlertController+Extension.swift in Sources */ = {isa = PBXBuildFile; fileRef = AADCECD926FC14F000BA1151 /* UIAlertController+Extension.swift */; };
		AADCED0E26FC14F000BA1151 /* UIFont+Extension.swift in Sources */ = {isa = PBXBuildFile; fileRef = AADCECDA26FC14F000BA1151 /* UIFont+Extension.swift */; };
		AADCED0F26FC14F000BA1151 /* UIColor+Extension.swift in Sources */ = {isa = PBXBuildFile; fileRef = AADCECDB26FC14F000BA1151 /* UIColor+Extension.swift */; };
		AADCED1026FC14F000BA1151 /* Date+Extension.swift in Sources */ = {isa = PBXBuildFile; fileRef = AADCECDC26FC14F000BA1151 /* Date+Extension.swift */; };
		AADCED1126FC14F000BA1151 /* UILabel+Extension.swift in Sources */ = {isa = PBXBuildFile; fileRef = AADCECDD26FC14F000BA1151 /* UILabel+Extension.swift */; };
		AADCED1226FC14F000BA1151 /* UIButton+Extension.swift in Sources */ = {isa = PBXBuildFile; fileRef = AADCECDE26FC14F000BA1151 /* UIButton+Extension.swift */; };
		AADCED1326FC14F000BA1151 /* UIView+Extension.swift in Sources */ = {isa = PBXBuildFile; fileRef = AADCECDF26FC14F000BA1151 /* UIView+Extension.swift */; };
		AADCED1426FC14F000BA1151 /* UIImage+Extension.swift in Sources */ = {isa = PBXBuildFile; fileRef = AADCECE026FC14F000BA1151 /* UIImage+Extension.swift */; };
		AADCED1526FC14F000BA1151 /* String+Extension.swift in Sources */ = {isa = PBXBuildFile; fileRef = AADCECE126FC14F000BA1151 /* String+Extension.swift */; };
		AADCED1626FC14F000BA1151 /* UIScreen+Extension.swift in Sources */ = {isa = PBXBuildFile; fileRef = AADCECE226FC14F000BA1151 /* UIScreen+Extension.swift */; };
		AADCED1726FC14F000BA1151 /* JSONSerialization+Extension.swift in Sources */ = {isa = PBXBuildFile; fileRef = AADCECE326FC14F000BA1151 /* JSONSerialization+Extension.swift */; };
		AADCED1826FC14F000BA1151 /* UIBarButtonItem+Extension.swift in Sources */ = {isa = PBXBuildFile; fileRef = AADCECE426FC14F000BA1151 /* UIBarButtonItem+Extension.swift */; };
		AADCED1926FC14F000BA1151 /* Float+Extension.swift in Sources */ = {isa = PBXBuildFile; fileRef = AADCECE526FC14F000BA1151 /* Float+Extension.swift */; };
		AADCED1A26FC14F000BA1151 /* Array+Extension.swift in Sources */ = {isa = PBXBuildFile; fileRef = AADCECE626FC14F000BA1151 /* Array+Extension.swift */; };
		AADCED1B26FC14F000BA1151 /* APPNetWorkingManager.swift in Sources */ = {isa = PBXBuildFile; fileRef = AADCECE826FC14F000BA1151 /* APPNetWorkingManager.swift */; };
		AADCED1C26FC14F000BA1151 /* BaseViewController.swift in Sources */ = {isa = PBXBuildFile; fileRef = AADCECEA26FC14F000BA1151 /* BaseViewController.swift */; };
		AADCED1D26FC14F000BA1151 /* StatusCode.swift in Sources */ = {isa = PBXBuildFile; fileRef = AADCECEC26FC14F000BA1151 /* StatusCode.swift */; };
		AADCED1E26FC14F000BA1151 /* APPHeadFile.swift in Sources */ = {isa = PBXBuildFile; fileRef = AADCECED26FC14F000BA1151 /* APPHeadFile.swift */; };
		AADCED1F26FC14F000BA1151 /* AuthorizationManager.swift in Sources */ = {isa = PBXBuildFile; fileRef = AADCECEF26FC14F000BA1151 /* AuthorizationManager.swift */; };
		AADCED2026FC14F000BA1151 /* HUDManager.swift in Sources */ = {isa = PBXBuildFile; fileRef = AADCECF226FC14F000BA1151 /* HUDManager.swift */; };
		AADCED2126FC14F000BA1151 /* APPNavigationManager.swift in Sources */ = {isa = PBXBuildFile; fileRef = AADCECF426FC14F000BA1151 /* APPNavigationManager.swift */; };
		AADCED2226FC14F000BA1151 /* APPSingleton.swift in Sources */ = {isa = PBXBuildFile; fileRef = AADCECF626FC14F000BA1151 /* APPSingleton.swift */; };
		AADCED2326FC14F000BA1151 /* APPTool.swift in Sources */ = {isa = PBXBuildFile; fileRef = AADCECF826FC14F000BA1151 /* APPTool.swift */; };
		CCA1475E19377483FCF57F98 /* Pods_TengShiLive.framework in Frameworks */ = {isa = PBXBuildFile; fileRef = 3EC7B876D990E39C77072DFB /* Pods_TengShiLive.framework */; };
/* End PBXBuildFile section */

/* Begin PBXFileReference section */
		3EC7B876D990E39C77072DFB /* Pods_TengShiLive.framework */ = {isa = PBXFileReference; explicitFileType = wrapper.framework; includeInIndex = 0; path = Pods_TengShiLive.framework; sourceTree = BUILT_PRODUCTS_DIR; };
		53C1E4A986A0DA765D8A9F12 /* Pods-TengShiLive.release.xcconfig */ = {isa = PBXFileReference; includeInIndex = 1; lastKnownFileType = text.xcconfig; name = "Pods-TengShiLive.release.xcconfig"; path = "Target Support Files/Pods-TengShiLive/Pods-TengShiLive.release.xcconfig"; sourceTree = "<group>"; };
		AA86212026EEF6E9007094B8 /* TengShiLive.app */ = {isa = PBXFileReference; explicitFileType = wrapper.application; includeInIndex = 0; path = TengShiLive.app; sourceTree = BUILT_PRODUCTS_DIR; };
		AA86212326EEF6E9007094B8 /* AppDelegate.swift */ = {isa = PBXFileReference; lastKnownFileType = sourcecode.swift; path = AppDelegate.swift; sourceTree = "<group>"; };
		AA86212A26EEF6E9007094B8 /* Base */ = {isa = PBXFileReference; lastKnownFileType = file.storyboard; name = Base; path = Base.lproj/Main.storyboard; sourceTree = "<group>"; };
		AA86212C26EEF6EA007094B8 /* Assets.xcassets */ = {isa = PBXFileReference; lastKnownFileType = folder.assetcatalog; path = Assets.xcassets; sourceTree = "<group>"; };
		AA86212F26EEF6EA007094B8 /* Base */ = {isa = PBXFileReference; lastKnownFileType = file.storyboard; name = Base; path = Base.lproj/LaunchScreen.storyboard; sourceTree = "<group>"; };
		AA86213126EEF6EA007094B8 /* Info.plist */ = {isa = PBXFileReference; lastKnownFileType = text.plist.xml; path = Info.plist; sourceTree = "<group>"; };
		AA86213726EF1642007094B8 /* TengShiLive-Bridging-Header.h */ = {isa = PBXFileReference; lastKnownFileType = sourcecode.c.h; path = "TengShiLive-Bridging-Header.h"; sourceTree = "<group>"; };
		AADCECB226FC14EF00BA1151 /* UMShareSwiftInterface.swift */ = {isa = PBXFileReference; fileEncoding = 4; lastKnownFileType = sourcecode.swift; path = UMShareSwiftInterface.swift; sourceTree = "<group>"; };
		AADCECB326FC14EF00BA1151 /* UMessageSwiftInterface.swift */ = {isa = PBXFileReference; fileEncoding = 4; lastKnownFileType = sourcecode.swift; path = UMessageSwiftInterface.swift; sourceTree = "<group>"; };
		AADCECB726FC14EF00BA1151 /* LoginClassroomViewController.swift */ = {isa = PBXFileReference; fileEncoding = 4; lastKnownFileType = sourcecode.swift; path = LoginClassroomViewController.swift; sourceTree = "<group>"; };
		AADCECBC26FC14EF00BA1151 /* AvatarListCell.swift */ = {isa = PBXFileReference; fileEncoding = 4; lastKnownFileType = sourcecode.swift; path = AvatarListCell.swift; sourceTree = "<group>"; };
		AADCECBD26FC14EF00BA1151 /* AvatarListViewController.swift */ = {isa = PBXFileReference; fileEncoding = 4; lastKnownFileType = sourcecode.swift; path = AvatarListViewController.swift; sourceTree = "<group>"; };
		AADCECBE26FC14EF00BA1151 /* SetClassroomViewController.swift */ = {isa = PBXFileReference; fileEncoding = 4; lastKnownFileType = sourcecode.swift; path = SetClassroomViewController.swift; sourceTree = "<group>"; };
		AADCECC226FC14EF00BA1151 /* VideoNumberCell.swift */ = {isa = PBXFileReference; fileEncoding = 4; lastKnownFileType = sourcecode.swift; path = VideoNumberCell.swift; sourceTree = "<group>"; };
		AADCECC326FC14EF00BA1151 /* CourseDetailViewController.swift */ = {isa = PBXFileReference; fileEncoding = 4; lastKnownFileType = sourcecode.swift; path = CourseDetailViewController.swift; sourceTree = "<group>"; };
		AADCECC426FC14EF00BA1151 /* HistoryCourseCell.swift */ = {isa = PBXFileReference; fileEncoding = 4; lastKnownFileType = sourcecode.swift; path = HistoryCourseCell.swift; sourceTree = "<group>"; };
		AADCECC526FC14EF00BA1151 /* HistoryCourseViewController.swift */ = {isa = PBXFileReference; fileEncoding = 4; lastKnownFileType = sourcecode.swift; path = HistoryCourseViewController.swift; sourceTree = "<group>"; };
		AADCECC626FC14EF00BA1151 /* HistoryCourseModel.swift */ = {isa = PBXFileReference; fileEncoding = 4; lastKnownFileType = sourcecode.swift; path = HistoryCourseModel.swift; sourceTree = "<group>"; };
		AADCECC826FC14EF00BA1151 /* CreateClassroomViewController.swift */ = {isa = PBXFileReference; fileEncoding = 4; lastKnownFileType = sourcecode.swift; path = CreateClassroomViewController.swift; sourceTree = "<group>"; };
		AADCECCA26FC14EF00BA1151 /* CombinationTextFieldView.swift */ = {isa = PBXFileReference; fileEncoding = 4; lastKnownFileType = sourcecode.swift; path = CombinationTextFieldView.swift; sourceTree = "<group>"; };
		AADCECCB26FC14F000BA1151 /* QMTextFieldView.swift */ = {isa = PBXFileReference; fileEncoding = 4; lastKnownFileType = sourcecode.swift; path = QMTextFieldView.swift; sourceTree = "<group>"; };
		AADCECCD26FC14F000BA1151 /* APPLaunchPageViewController.swift */ = {isa = PBXFileReference; fileEncoding = 4; lastKnownFileType = sourcecode.swift; path = APPLaunchPageViewController.swift; sourceTree = "<group>"; };
		AADCECCF26FC14F000BA1151 /* APPGuidePageViewController.swift */ = {isa = PBXFileReference; fileEncoding = 4; lastKnownFileType = sourcecode.swift; path = APPGuidePageViewController.swift; sourceTree = "<group>"; };
		AADCECD126FC14F000BA1151 /* LoginAuthModel.swift */ = {isa = PBXFileReference; fileEncoding = 4; lastKnownFileType = sourcecode.swift; path = LoginAuthModel.swift; sourceTree = "<group>"; };
		AADCECD426FC14F000BA1151 /* BaseNavigationController.swift */ = {isa = PBXFileReference; fileEncoding = 4; lastKnownFileType = sourcecode.swift; path = BaseNavigationController.swift; sourceTree = "<group>"; };
		AADCECD626FC14F000BA1151 /* APPTextFieldViewController.swift */ = {isa = PBXFileReference; fileEncoding = 4; lastKnownFileType = sourcecode.swift; path = APPTextFieldViewController.swift; sourceTree = "<group>"; };
		AADCECD826FC14F000BA1151 /* UIDevice+Extension.swift */ = {isa = PBXFileReference; fileEncoding = 4; lastKnownFileType = sourcecode.swift; path = "UIDevice+Extension.swift"; sourceTree = "<group>"; };
		AADCECD926FC14F000BA1151 /* UIAlertController+Extension.swift */ = {isa = PBXFileReference; fileEncoding = 4; lastKnownFileType = sourcecode.swift; path = "UIAlertController+Extension.swift"; sourceTree = "<group>"; };
		AADCECDA26FC14F000BA1151 /* UIFont+Extension.swift */ = {isa = PBXFileReference; fileEncoding = 4; lastKnownFileType = sourcecode.swift; path = "UIFont+Extension.swift"; sourceTree = "<group>"; };
		AADCECDB26FC14F000BA1151 /* UIColor+Extension.swift */ = {isa = PBXFileReference; fileEncoding = 4; lastKnownFileType = sourcecode.swift; path = "UIColor+Extension.swift"; sourceTree = "<group>"; };
		AADCECDC26FC14F000BA1151 /* Date+Extension.swift */ = {isa = PBXFileReference; fileEncoding = 4; lastKnownFileType = sourcecode.swift; path = "Date+Extension.swift"; sourceTree = "<group>"; };
		AADCECDD26FC14F000BA1151 /* UILabel+Extension.swift */ = {isa = PBXFileReference; fileEncoding = 4; lastKnownFileType = sourcecode.swift; path = "UILabel+Extension.swift"; sourceTree = "<group>"; };
		AADCECDE26FC14F000BA1151 /* UIButton+Extension.swift */ = {isa = PBXFileReference; fileEncoding = 4; lastKnownFileType = sourcecode.swift; path = "UIButton+Extension.swift"; sourceTree = "<group>"; };
		AADCECDF26FC14F000BA1151 /* UIView+Extension.swift */ = {isa = PBXFileReference; fileEncoding = 4; lastKnownFileType = sourcecode.swift; path = "UIView+Extension.swift"; sourceTree = "<group>"; };
		AADCECE026FC14F000BA1151 /* UIImage+Extension.swift */ = {isa = PBXFileReference; fileEncoding = 4; lastKnownFileType = sourcecode.swift; path = "UIImage+Extension.swift"; sourceTree = "<group>"; };
		AADCECE126FC14F000BA1151 /* String+Extension.swift */ = {isa = PBXFileReference; fileEncoding = 4; lastKnownFileType = sourcecode.swift; path = "String+Extension.swift"; sourceTree = "<group>"; };
		AADCECE226FC14F000BA1151 /* UIScreen+Extension.swift */ = {isa = PBXFileReference; fileEncoding = 4; lastKnownFileType = sourcecode.swift; path = "UIScreen+Extension.swift"; sourceTree = "<group>"; };
		AADCECE326FC14F000BA1151 /* JSONSerialization+Extension.swift */ = {isa = PBXFileReference; fileEncoding = 4; lastKnownFileType = sourcecode.swift; path = "JSONSerialization+Extension.swift"; sourceTree = "<group>"; };
		AADCECE426FC14F000BA1151 /* UIBarButtonItem+Extension.swift */ = {isa = PBXFileReference; fileEncoding = 4; lastKnownFileType = sourcecode.swift; path = "UIBarButtonItem+Extension.swift"; sourceTree = "<group>"; };
		AADCECE526FC14F000BA1151 /* Float+Extension.swift */ = {isa = PBXFileReference; fileEncoding = 4; lastKnownFileType = sourcecode.swift; path = "Float+Extension.swift"; sourceTree = "<group>"; };
		AADCECE626FC14F000BA1151 /* Array+Extension.swift */ = {isa = PBXFileReference; fileEncoding = 4; lastKnownFileType = sourcecode.swift; path = "Array+Extension.swift"; sourceTree = "<group>"; };
		AADCECE826FC14F000BA1151 /* APPNetWorkingManager.swift */ = {isa = PBXFileReference; fileEncoding = 4; lastKnownFileType = sourcecode.swift; path = APPNetWorkingManager.swift; sourceTree = "<group>"; };
		AADCECEA26FC14F000BA1151 /* BaseViewController.swift */ = {isa = PBXFileReference; fileEncoding = 4; lastKnownFileType = sourcecode.swift; path = BaseViewController.swift; sourceTree = "<group>"; };
		AADCECEC26FC14F000BA1151 /* StatusCode.swift */ = {isa = PBXFileReference; fileEncoding = 4; lastKnownFileType = sourcecode.swift; path = StatusCode.swift; sourceTree = "<group>"; };
		AADCECED26FC14F000BA1151 /* APPHeadFile.swift */ = {isa = PBXFileReference; fileEncoding = 4; lastKnownFileType = sourcecode.swift; path = APPHeadFile.swift; sourceTree = "<group>"; };
		AADCECEF26FC14F000BA1151 /* AuthorizationManager.swift */ = {isa = PBXFileReference; fileEncoding = 4; lastKnownFileType = sourcecode.swift; path = AuthorizationManager.swift; sourceTree = "<group>"; };
		AADCECF226FC14F000BA1151 /* HUDManager.swift */ = {isa = PBXFileReference; fileEncoding = 4; lastKnownFileType = sourcecode.swift; path = HUDManager.swift; sourceTree = "<group>"; };
		AADCECF426FC14F000BA1151 /* APPNavigationManager.swift */ = {isa = PBXFileReference; fileEncoding = 4; lastKnownFileType = sourcecode.swift; path = APPNavigationManager.swift; sourceTree = "<group>"; };
		AADCECF626FC14F000BA1151 /* APPSingleton.swift */ = {isa = PBXFileReference; fileEncoding = 4; lastKnownFileType = sourcecode.swift; path = APPSingleton.swift; sourceTree = "<group>"; };
		AADCECF826FC14F000BA1151 /* APPTool.swift */ = {isa = PBXFileReference; fileEncoding = 4; lastKnownFileType = sourcecode.swift; path = APPTool.swift; sourceTree = "<group>"; };
		D3C9B914A557965FC332A76F /* Pods-TengShiLive.debug.xcconfig */ = {isa = PBXFileReference; includeInIndex = 1; lastKnownFileType = text.xcconfig; name = "Pods-TengShiLive.debug.xcconfig"; path = "Target Support Files/Pods-TengShiLive/Pods-TengShiLive.debug.xcconfig"; sourceTree = "<group>"; };
/* End PBXFileReference section */

/* Begin PBXFrameworksBuildPhase section */
		AA86211D26EEF6E9007094B8 /* Frameworks */ = {
			isa = PBXFrameworksBuildPhase;
			buildActionMask = 2147483647;
			files = (
				CCA1475E19377483FCF57F98 /* Pods_TengShiLive.framework in Frameworks */,
			);
			runOnlyForDeploymentPostprocessing = 0;
		};
/* End PBXFrameworksBuildPhase section */

/* Begin PBXGroup section */
		15726FF62F63DBE0C7E473BB /* Pods */ = {
			isa = PBXGroup;
			children = (
				D3C9B914A557965FC332A76F /* Pods-TengShiLive.debug.xcconfig */,
				53C1E4A986A0DA765D8A9F12 /* Pods-TengShiLive.release.xcconfig */,
			);
			path = Pods;
			sourceTree = "<group>";
		};
		6A8E080514AF472DDBAD6B81 /* Frameworks */ = {
			isa = PBXGroup;
			children = (
				3EC7B876D990E39C77072DFB /* Pods_TengShiLive.framework */,
			);
			name = Frameworks;
			sourceTree = "<group>";
		};
		AA86211726EEF6E9007094B8 = {
			isa = PBXGroup;
			children = (
				AA86212226EEF6E9007094B8 /* TengShiLive */,
				AA86212126EEF6E9007094B8 /* Products */,
				15726FF62F63DBE0C7E473BB /* Pods */,
				6A8E080514AF472DDBAD6B81 /* Frameworks */,
			);
			sourceTree = "<group>";
		};
		AA86212126EEF6E9007094B8 /* Products */ = {
			isa = PBXGroup;
			children = (
				AA86212026EEF6E9007094B8 /* TengShiLive.app */,
			);
			name = Products;
			sourceTree = "<group>";
		};
		AA86212226EEF6E9007094B8 /* TengShiLive */ = {
			isa = PBXGroup;
			children = (
				AADCECAF26FC14EF00BA1151 /* Classes */,
				AA86212326EEF6E9007094B8 /* AppDelegate.swift */,
				AA86212926EEF6E9007094B8 /* Main.storyboard */,
				AA86212C26EEF6EA007094B8 /* Assets.xcassets */,
				AA86212E26EEF6EA007094B8 /* LaunchScreen.storyboard */,
				AA86213126EEF6EA007094B8 /* Info.plist */,
				AA86213726EF1642007094B8 /* TengShiLive-Bridging-Header.h */,
			);
			path = TengShiLive;
			sourceTree = "<group>";
		};
		AADCECAF26FC14EF00BA1151 /* Classes */ = {
			isa = PBXGroup;
			children = (
				AADCECB026FC14EF00BA1151 /* Classlib */,
				AADCECB426FC14EF00BA1151 /* ViewControllers */,
				AADCECD026FC14F000BA1151 /* Model */,
				AADCECD226FC14F000BA1151 /* PublicClass */,
				AADCECF026FC14F000BA1151 /* CustomClass */,
			);
			path = Classes;
			sourceTree = "<group>";
		};
		AADCECB026FC14EF00BA1151 /* Classlib */ = {
			isa = PBXGroup;
			children = (
				AADCECB126FC14EF00BA1151 /* 友盟 */,
			);
			path = Classlib;
			sourceTree = "<group>";
		};
		AADCECB126FC14EF00BA1151 /* 友盟 */ = {
			isa = PBXGroup;
			children = (
				AADCECB226FC14EF00BA1151 /* UMShareSwiftInterface.swift */,
				AADCECB326FC14EF00BA1151 /* UMessageSwiftInterface.swift */,
			);
			path = "友盟";
			sourceTree = "<group>";
		};
		AADCECB426FC14EF00BA1151 /* ViewControllers */ = {
			isa = PBXGroup;
			children = (
				AADCECB526FC14EF00BA1151 /* 开始 */,
			);
			path = ViewControllers;
			sourceTree = "<group>";
		};
		AADCECB526FC14EF00BA1151 /* 开始 */ = {
			isa = PBXGroup;
			children = (
				AADCECB626FC14EF00BA1151 /* 直播入口 */,
				AADCECCC26FC14F000BA1151 /* 启动页 */,
				AADCECCE26FC14F000BA1151 /* 引导页 */,
			);
			path = "开始";
			sourceTree = "<group>";
		};
		AADCECB626FC14EF00BA1151 /* 直播入口 */ = {
			isa = PBXGroup;
			children = (
				AADCECB726FC14EF00BA1151 /* LoginClassroomViewController.swift */,
				AADCECB826FC14EF00BA1151 /* NEXT */,
				AADCECC926FC14EF00BA1151 /* View */,
			);
			path = "直播入口";
			sourceTree = "<group>";
		};
		AADCECB826FC14EF00BA1151 /* NEXT */ = {
			isa = PBXGroup;
			children = (
				AADCECB926FC14EF00BA1151 /* 设置 */,
				AADCECBF26FC14EF00BA1151 /* 历史课程 */,
				AADCECC726FC14EF00BA1151 /* 创建课 */,
			);
			path = NEXT;
			sourceTree = "<group>";
		};
		AADCECB926FC14EF00BA1151 /* 设置 */ = {
			isa = PBXGroup;
			children = (
				AADCECBA26FC14EF00BA1151 /* NEXT */,
				AADCECBE26FC14EF00BA1151 /* SetClassroomViewController.swift */,
			);
			path = "设置";
			sourceTree = "<group>";
		};
		AADCECBA26FC14EF00BA1151 /* NEXT */ = {
			isa = PBXGroup;
			children = (
				AADCECBB26FC14EF00BA1151 /* 头像列表 */,
			);
			path = NEXT;
			sourceTree = "<group>";
		};
		AADCECBB26FC14EF00BA1151 /* 头像列表 */ = {
			isa = PBXGroup;
			children = (
				AADCECBC26FC14EF00BA1151 /* AvatarListCell.swift */,
				AADCECBD26FC14EF00BA1151 /* AvatarListViewController.swift */,
			);
			path = "头像列表";
			sourceTree = "<group>";
		};
		AADCECBF26FC14EF00BA1151 /* 历史课程 */ = {
			isa = PBXGroup;
			children = (
				AADCECC026FC14EF00BA1151 /* NEXT */,
				AADCECC426FC14EF00BA1151 /* HistoryCourseCell.swift */,
				AADCECC526FC14EF00BA1151 /* HistoryCourseViewController.swift */,
				AADCECC626FC14EF00BA1151 /* HistoryCourseModel.swift */,
			);
			path = "历史课程";
			sourceTree = "<group>";
		};
		AADCECC026FC14EF00BA1151 /* NEXT */ = {
			isa = PBXGroup;
			children = (
				AADCECC126FC14EF00BA1151 /* 课程详情 */,
			);
			path = NEXT;
			sourceTree = "<group>";
		};
		AADCECC126FC14EF00BA1151 /* 课程详情 */ = {
			isa = PBXGroup;
			children = (
				AADCECC226FC14EF00BA1151 /* VideoNumberCell.swift */,
				AADCECC326FC14EF00BA1151 /* CourseDetailViewController.swift */,
			);
			path = "课程详情";
			sourceTree = "<group>";
		};
		AADCECC726FC14EF00BA1151 /* 创建课 */ = {
			isa = PBXGroup;
			children = (
				AADCECC826FC14EF00BA1151 /* CreateClassroomViewController.swift */,
			);
			path = "创建课";
			sourceTree = "<group>";
		};
		AADCECC926FC14EF00BA1151 /* View */ = {
			isa = PBXGroup;
			children = (
				AADCECCA26FC14EF00BA1151 /* CombinationTextFieldView.swift */,
				AADCECCB26FC14F000BA1151 /* QMTextFieldView.swift */,
			);
			path = View;
			sourceTree = "<group>";
		};
		AADCECCC26FC14F000BA1151 /* 启动页 */ = {
			isa = PBXGroup;
			children = (
				AADCECCD26FC14F000BA1151 /* APPLaunchPageViewController.swift */,
			);
			path = "启动页";
			sourceTree = "<group>";
		};
		AADCECCE26FC14F000BA1151 /* 引导页 */ = {
			isa = PBXGroup;
			children = (
				AADCECCF26FC14F000BA1151 /* APPGuidePageViewController.swift */,
			);
			path = "引导页";
			sourceTree = "<group>";
		};
		AADCECD026FC14F000BA1151 /* Model */ = {
			isa = PBXGroup;
			children = (
				AADCECD126FC14F000BA1151 /* LoginAuthModel.swift */,
			);
			path = Model;
			sourceTree = "<group>";
		};
		AADCECD226FC14F000BA1151 /* PublicClass */ = {
			isa = PBXGroup;
			children = (
				AADCECD326FC14F000BA1151 /* BaseNavigationController */,
				AADCECD526FC14F000BA1151 /* InputViewController */,
				AADCECD726FC14F000BA1151 /* Extension */,
				AADCECE726FC14F000BA1151 /* NetWorkingManager */,
				AADCECE926FC14F000BA1151 /* BaseViewController */,
				AADCECEB26FC14F000BA1151 /* HeadFile */,
				AADCECEE26FC14F000BA1151 /* AuthorizationManager */,
			);
			path = PublicClass;
			sourceTree = "<group>";
		};
		AADCECD326FC14F000BA1151 /* BaseNavigationController */ = {
			isa = PBXGroup;
			children = (
				AADCECD426FC14F000BA1151 /* BaseNavigationController.swift */,
			);
			path = BaseNavigationController;
			sourceTree = "<group>";
		};
		AADCECD526FC14F000BA1151 /* InputViewController */ = {
			isa = PBXGroup;
			children = (
				AADCECD626FC14F000BA1151 /* APPTextFieldViewController.swift */,
			);
			path = InputViewController;
			sourceTree = "<group>";
		};
		AADCECD726FC14F000BA1151 /* Extension */ = {
			isa = PBXGroup;
			children = (
				AADCECD826FC14F000BA1151 /* UIDevice+Extension.swift */,
				AADCECD926FC14F000BA1151 /* UIAlertController+Extension.swift */,
				AADCECDA26FC14F000BA1151 /* UIFont+Extension.swift */,
				AADCECDB26FC14F000BA1151 /* UIColor+Extension.swift */,
				AADCECDC26FC14F000BA1151 /* Date+Extension.swift */,
				AADCECDD26FC14F000BA1151 /* UILabel+Extension.swift */,
				AADCECDE26FC14F000BA1151 /* UIButton+Extension.swift */,
				AADCECDF26FC14F000BA1151 /* UIView+Extension.swift */,
				AADCECE026FC14F000BA1151 /* UIImage+Extension.swift */,
				AADCECE126FC14F000BA1151 /* String+Extension.swift */,
				AADCECE226FC14F000BA1151 /* UIScreen+Extension.swift */,
				AADCECE326FC14F000BA1151 /* JSONSerialization+Extension.swift */,
				AADCECE426FC14F000BA1151 /* UIBarButtonItem+Extension.swift */,
				AADCECE526FC14F000BA1151 /* Float+Extension.swift */,
				AADCECE626FC14F000BA1151 /* Array+Extension.swift */,
			);
			path = Extension;
			sourceTree = "<group>";
		};
		AADCECE726FC14F000BA1151 /* NetWorkingManager */ = {
			isa = PBXGroup;
			children = (
				AADCECE826FC14F000BA1151 /* APPNetWorkingManager.swift */,
			);
			path = NetWorkingManager;
			sourceTree = "<group>";
		};
		AADCECE926FC14F000BA1151 /* BaseViewController */ = {
			isa = PBXGroup;
			children = (
				AADCECEA26FC14F000BA1151 /* BaseViewController.swift */,
			);
			path = BaseViewController;
			sourceTree = "<group>";
		};
		AADCECEB26FC14F000BA1151 /* HeadFile */ = {
			isa = PBXGroup;
			children = (
				AADCECEC26FC14F000BA1151 /* StatusCode.swift */,
				AADCECED26FC14F000BA1151 /* APPHeadFile.swift */,
			);
			path = HeadFile;
			sourceTree = "<group>";
		};
		AADCECEE26FC14F000BA1151 /* AuthorizationManager */ = {
			isa = PBXGroup;
			children = (
				AADCECEF26FC14F000BA1151 /* AuthorizationManager.swift */,
			);
			path = AuthorizationManager;
			sourceTree = "<group>";
		};
		AADCECF026FC14F000BA1151 /* CustomClass */ = {
			isa = PBXGroup;
			children = (
				AADCECF126FC14F000BA1151 /* HUDManager */,
				AADCECF326FC14F000BA1151 /* APPNavigationManager */,
				AADCECF526FC14F000BA1151 /* APPSingleton */,
				AADCECF726FC14F000BA1151 /* Tool */,
			);
			path = CustomClass;
			sourceTree = "<group>";
		};
		AADCECF126FC14F000BA1151 /* HUDManager */ = {
			isa = PBXGroup;
			children = (
				AADCECF226FC14F000BA1151 /* HUDManager.swift */,
			);
			path = HUDManager;
			sourceTree = "<group>";
		};
		AADCECF326FC14F000BA1151 /* APPNavigationManager */ = {
			isa = PBXGroup;
			children = (
				AADCECF426FC14F000BA1151 /* APPNavigationManager.swift */,
			);
			path = APPNavigationManager;
			sourceTree = "<group>";
		};
		AADCECF526FC14F000BA1151 /* APPSingleton */ = {
			isa = PBXGroup;
			children = (
				AADCECF626FC14F000BA1151 /* APPSingleton.swift */,
			);
			path = APPSingleton;
			sourceTree = "<group>";
		};
		AADCECF726FC14F000BA1151 /* Tool */ = {
			isa = PBXGroup;
			children = (
				AADCECF826FC14F000BA1151 /* APPTool.swift */,
			);
			path = Tool;
			sourceTree = "<group>";
		};
/* End PBXGroup section */

/* Begin PBXNativeTarget section */
		AA86211F26EEF6E9007094B8 /* TengShiLive */ = {
			isa = PBXNativeTarget;
			buildConfigurationList = AA86213426EEF6EA007094B8 /* Build configuration list for PBXNativeTarget "TengShiLive" */;
			buildPhases = (
				8E50E20A9079A4B529EF8B06 /* [CP] Check Pods Manifest.lock */,
				AA86211C26EEF6E9007094B8 /* Sources */,
				AA86211D26EEF6E9007094B8 /* Frameworks */,
				AA86211E26EEF6E9007094B8 /* Resources */,
				5F64A02BF2858F8BB8964EAC /* [CP] Embed Pods Frameworks */,
				D07125B4F953C6E859783359 /* [CP] Copy Pods Resources */,
			);
			buildRules = (
			);
			dependencies = (
			);
			name = TengShiLive;
			productName = TengShiLive;
			productReference = AA86212026EEF6E9007094B8 /* TengShiLive.app */;
			productType = "com.apple.product-type.application";
		};
/* End PBXNativeTarget section */

/* Begin PBXProject section */
		AA86211826EEF6E9007094B8 /* Project object */ = {
			isa = PBXProject;
			attributes = {
				LastSwiftUpdateCheck = 1250;
				LastUpgradeCheck = 1250;
				TargetAttributes = {
					AA86211F26EEF6E9007094B8 = {
						CreatedOnToolsVersion = 12.5.1;
						LastSwiftMigration = 1250;
					};
				};
			};
			buildConfigurationList = AA86211B26EEF6E9007094B8 /* Build configuration list for PBXProject "TengShiLive" */;
			compatibilityVersion = "Xcode 9.3";
			developmentRegion = en;
			hasScannedForEncodings = 0;
			knownRegions = (
				en,
				Base,
			);
			mainGroup = AA86211726EEF6E9007094B8;
			productRefGroup = AA86212126EEF6E9007094B8 /* Products */;
			projectDirPath = "";
			projectRoot = "";
			targets = (
				AA86211F26EEF6E9007094B8 /* TengShiLive */,
			);
		};
/* End PBXProject section */

/* Begin PBXResourcesBuildPhase section */
		AA86211E26EEF6E9007094B8 /* Resources */ = {
			isa = PBXResourcesBuildPhase;
			buildActionMask = 2147483647;
			files = (
				AA86213026EEF6EA007094B8 /* LaunchScreen.storyboard in Resources */,
				AA86212D26EEF6EA007094B8 /* Assets.xcassets in Resources */,
				AA86212B26EEF6E9007094B8 /* Main.storyboard in Resources */,
			);
			runOnlyForDeploymentPostprocessing = 0;
		};
/* End PBXResourcesBuildPhase section */

/* Begin PBXShellScriptBuildPhase section */
		5F64A02BF2858F8BB8964EAC /* [CP] Embed Pods Frameworks */ = {
			isa = PBXShellScriptBuildPhase;
			buildActionMask = 2147483647;
			files = (
			);
			inputFileListPaths = (
				"${PODS_ROOT}/Target Support Files/Pods-TengShiLive/Pods-TengShiLive-frameworks-${CONFIGURATION}-input-files.xcfilelist",
			);
			name = "[CP] Embed Pods Frameworks";
			outputFileListPaths = (
				"${PODS_ROOT}/Target Support Files/Pods-TengShiLive/Pods-TengShiLive-frameworks-${CONFIGURATION}-output-files.xcfilelist",
			);
			runOnlyForDeploymentPostprocessing = 0;
			shellPath = /bin/sh;
			shellScript = "\"${PODS_ROOT}/Target Support Files/Pods-TengShiLive/Pods-TengShiLive-frameworks.sh\"\n";
			showEnvVarsInLog = 0;
		};
		8E50E20A9079A4B529EF8B06 /* [CP] Check Pods Manifest.lock */ = {
			isa = PBXShellScriptBuildPhase;
			buildActionMask = 2147483647;
			files = (
			);
			inputFileListPaths = (
			);
			inputPaths = (
				"${PODS_PODFILE_DIR_PATH}/Podfile.lock",
				"${PODS_ROOT}/Manifest.lock",
			);
			name = "[CP] Check Pods Manifest.lock";
			outputFileListPaths = (
			);
			outputPaths = (
				"$(DERIVED_FILE_DIR)/Pods-TengShiLive-checkManifestLockResult.txt",
			);
			runOnlyForDeploymentPostprocessing = 0;
			shellPath = /bin/sh;
			shellScript = "diff \"${PODS_PODFILE_DIR_PATH}/Podfile.lock\" \"${PODS_ROOT}/Manifest.lock\" > /dev/null\nif [ $? != 0 ] ; then\n    # print error to STDERR\n    echo \"error: The sandbox is not in sync with the Podfile.lock. Run 'pod install' or update your CocoaPods installation.\" >&2\n    exit 1\nfi\n# This output is used by Xcode 'outputs' to avoid re-running this script phase.\necho \"SUCCESS\" > \"${SCRIPT_OUTPUT_FILE_0}\"\n";
			showEnvVarsInLog = 0;
		};
		D07125B4F953C6E859783359 /* [CP] Copy Pods Resources */ = {
			isa = PBXShellScriptBuildPhase;
			buildActionMask = 2147483647;
			files = (
			);
			inputFileListPaths = (
				"${PODS_ROOT}/Target Support Files/Pods-TengShiLive/Pods-TengShiLive-resources-${CONFIGURATION}-input-files.xcfilelist",
			);
			name = "[CP] Copy Pods Resources";
			outputFileListPaths = (
				"${PODS_ROOT}/Target Support Files/Pods-TengShiLive/Pods-TengShiLive-resources-${CONFIGURATION}-output-files.xcfilelist",
			);
			runOnlyForDeploymentPostprocessing = 0;
			shellPath = /bin/sh;
			shellScript = "\"${PODS_ROOT}/Target Support Files/Pods-TengShiLive/Pods-TengShiLive-resources.sh\"\n";
			showEnvVarsInLog = 0;
		};
/* End PBXShellScriptBuildPhase section */

/* Begin PBXSourcesBuildPhase section */
		AA86211C26EEF6E9007094B8 /* Sources */ = {
			isa = PBXSourcesBuildPhase;
			buildActionMask = 2147483647;
			files = (
				AADCED1026FC14F000BA1151 /* Date+Extension.swift in Sources */,
				AADCED1B26FC14F000BA1151 /* APPNetWorkingManager.swift in Sources */,
				AADCED1626FC14F000BA1151 /* UIScreen+Extension.swift in Sources */,
				AADCECFF26FC14F000BA1151 /* VideoNumberCell.swift in Sources */,
				AADCED0C26FC14F000BA1151 /* UIDevice+Extension.swift in Sources */,
				AADCED0D26FC14F000BA1151 /* UIAlertController+Extension.swift in Sources */,
				AADCED2226FC14F000BA1151 /* APPSingleton.swift in Sources */,
				AADCED0426FC14F000BA1151 /* CreateClassroomViewController.swift in Sources */,
				AADCECFB26FC14F000BA1151 /* LoginClassroomViewController.swift in Sources */,
				AADCED0E26FC14F000BA1151 /* UIFont+Extension.swift in Sources */,
				AADCED1926FC14F000BA1151 /* Float+Extension.swift in Sources */,
				AADCED2326FC14F000BA1151 /* APPTool.swift in Sources */,
				AADCED0226FC14F000BA1151 /* HistoryCourseViewController.swift in Sources */,
				AADCED2026FC14F000BA1151 /* HUDManager.swift in Sources */,
				AADCED1E26FC14F000BA1151 /* APPHeadFile.swift in Sources */,
				AADCED1C26FC14F000BA1151 /* BaseViewController.swift in Sources */,
				AADCECFD26FC14F000BA1151 /* AvatarListViewController.swift in Sources */,
				AADCED1A26FC14F000BA1151 /* Array+Extension.swift in Sources */,
				AADCED0626FC14F000BA1151 /* QMTextFieldView.swift in Sources */,
				AADCED0A26FC14F000BA1151 /* BaseNavigationController.swift in Sources */,
				AADCED1F26FC14F000BA1151 /* AuthorizationManager.swift in Sources */,
				AADCECFA26FC14F000BA1151 /* UMessageSwiftInterface.swift in Sources */,
				AA86212426EEF6E9007094B8 /* AppDelegate.swift in Sources */,
				AADCED0126FC14F000BA1151 /* HistoryCourseCell.swift in Sources */,
				AADCED1226FC14F000BA1151 /* UIButton+Extension.swift in Sources */,
				AADCED1826FC14F000BA1151 /* UIBarButtonItem+Extension.swift in Sources */,
				AADCED0326FC14F000BA1151 /* HistoryCourseModel.swift in Sources */,
				AADCECFE26FC14F000BA1151 /* SetClassroomViewController.swift in Sources */,
				AADCED0F26FC14F000BA1151 /* UIColor+Extension.swift in Sources */,
				AADCED1D26FC14F000BA1151 /* StatusCode.swift in Sources */,
				AADCECF926FC14F000BA1151 /* UMShareSwiftInterface.swift in Sources */,
				AADCED1726FC14F000BA1151 /* JSONSerialization+Extension.swift in Sources */,
				AADCED0726FC14F000BA1151 /* APPLaunchPageViewController.swift in Sources */,
				AADCED0926FC14F000BA1151 /* LoginAuthModel.swift in Sources */,
				AADCED0026FC14F000BA1151 /* CourseDetailViewController.swift in Sources */,
				AADCED1426FC14F000BA1151 /* UIImage+Extension.swift in Sources */,
				AADCED1326FC14F000BA1151 /* UIView+Extension.swift in Sources */,
				AADCED0B26FC14F000BA1151 /* APPTextFieldViewController.swift in Sources */,
				AADCED0526FC14F000BA1151 /* CombinationTextFieldView.swift in Sources */,
				AADCED2126FC14F000BA1151 /* APPNavigationManager.swift in Sources */,
				AADCECFC26FC14F000BA1151 /* AvatarListCell.swift in Sources */,
				AADCED1126FC14F000BA1151 /* UILabel+Extension.swift in Sources */,
				AADCED1526FC14F000BA1151 /* String+Extension.swift in Sources */,
				AADCED0826FC14F000BA1151 /* APPGuidePageViewController.swift in Sources */,
			);
			runOnlyForDeploymentPostprocessing = 0;
		};
/* End PBXSourcesBuildPhase section */

/* Begin PBXVariantGroup section */
		AA86212926EEF6E9007094B8 /* Main.storyboard */ = {
			isa = PBXVariantGroup;
			children = (
				AA86212A26EEF6E9007094B8 /* Base */,
			);
			name = Main.storyboard;
			sourceTree = "<group>";
		};
		AA86212E26EEF6EA007094B8 /* LaunchScreen.storyboard */ = {
			isa = PBXVariantGroup;
			children = (
				AA86212F26EEF6EA007094B8 /* Base */,
			);
			name = LaunchScreen.storyboard;
			sourceTree = "<group>";
		};
/* End PBXVariantGroup section */

/* Begin XCBuildConfiguration section */
		AA86213226EEF6EA007094B8 /* Debug */ = {
			isa = XCBuildConfiguration;
			buildSettings = {
				ALWAYS_SEARCH_USER_PATHS = NO;
				CLANG_ANALYZER_NONNULL = YES;
				CLANG_ANALYZER_NUMBER_OBJECT_CONVERSION = YES_AGGRESSIVE;
				CLANG_CXX_LANGUAGE_STANDARD = "gnu++14";
				CLANG_CXX_LIBRARY = "libc++";
				CLANG_ENABLE_MODULES = YES;
				CLANG_ENABLE_OBJC_ARC = YES;
				CLANG_ENABLE_OBJC_WEAK = YES;
				CLANG_WARN_BLOCK_CAPTURE_AUTORELEASING = YES;
				CLANG_WARN_BOOL_CONVERSION = YES;
				CLANG_WARN_COMMA = YES;
				CLANG_WARN_CONSTANT_CONVERSION = YES;
				CLANG_WARN_DEPRECATED_OBJC_IMPLEMENTATIONS = YES;
				CLANG_WARN_DIRECT_OBJC_ISA_USAGE = YES_ERROR;
				CLANG_WARN_DOCUMENTATION_COMMENTS = YES;
				CLANG_WARN_EMPTY_BODY = YES;
				CLANG_WARN_ENUM_CONVERSION = YES;
				CLANG_WARN_INFINITE_RECURSION = YES;
				CLANG_WARN_INT_CONVERSION = YES;
				CLANG_WARN_NON_LITERAL_NULL_CONVERSION = YES;
				CLANG_WARN_OBJC_IMPLICIT_RETAIN_SELF = YES;
				CLANG_WARN_OBJC_LITERAL_CONVERSION = YES;
				CLANG_WARN_OBJC_ROOT_CLASS = YES_ERROR;
				CLANG_WARN_QUOTED_INCLUDE_IN_FRAMEWORK_HEADER = YES;
				CLANG_WARN_RANGE_LOOP_ANALYSIS = YES;
				CLANG_WARN_STRICT_PROTOTYPES = YES;
				CLANG_WARN_SUSPICIOUS_MOVE = YES;
				CLANG_WARN_UNGUARDED_AVAILABILITY = YES_AGGRESSIVE;
				CLANG_WARN_UNREACHABLE_CODE = YES;
				CLANG_WARN__DUPLICATE_METHOD_MATCH = YES;
				COPY_PHASE_STRIP = NO;
				DEBUG_INFORMATION_FORMAT = dwarf;
				ENABLE_STRICT_OBJC_MSGSEND = YES;
				ENABLE_TESTABILITY = YES;
				GCC_C_LANGUAGE_STANDARD = gnu11;
				GCC_DYNAMIC_NO_PIC = NO;
				GCC_NO_COMMON_BLOCKS = YES;
				GCC_OPTIMIZATION_LEVEL = 0;
				GCC_PREPROCESSOR_DEFINITIONS = (
					"DEBUG=1",
					"$(inherited)",
				);
				GCC_WARN_64_TO_32_BIT_CONVERSION = YES;
				GCC_WARN_ABOUT_RETURN_TYPE = YES_ERROR;
				GCC_WARN_UNDECLARED_SELECTOR = YES;
				GCC_WARN_UNINITIALIZED_AUTOS = YES_AGGRESSIVE;
				GCC_WARN_UNUSED_FUNCTION = YES;
				GCC_WARN_UNUSED_VARIABLE = YES;
				IPHONEOS_DEPLOYMENT_TARGET = 12.0;
				MTL_ENABLE_DEBUG_INFO = INCLUDE_SOURCE;
				MTL_FAST_MATH = YES;
				ONLY_ACTIVE_ARCH = YES;
				SDKROOT = iphoneos;
				SWIFT_ACTIVE_COMPILATION_CONDITIONS = DEBUG;
				SWIFT_OPTIMIZATION_LEVEL = "-Onone";
			};
			name = Debug;
		};
		AA86213326EEF6EA007094B8 /* Release */ = {
			isa = XCBuildConfiguration;
			buildSettings = {
				ALWAYS_SEARCH_USER_PATHS = NO;
				CLANG_ANALYZER_NONNULL = YES;
				CLANG_ANALYZER_NUMBER_OBJECT_CONVERSION = YES_AGGRESSIVE;
				CLANG_CXX_LANGUAGE_STANDARD = "gnu++14";
				CLANG_CXX_LIBRARY = "libc++";
				CLANG_ENABLE_MODULES = YES;
				CLANG_ENABLE_OBJC_ARC = YES;
				CLANG_ENABLE_OBJC_WEAK = YES;
				CLANG_WARN_BLOCK_CAPTURE_AUTORELEASING = YES;
				CLANG_WARN_BOOL_CONVERSION = YES;
				CLANG_WARN_COMMA = YES;
				CLANG_WARN_CONSTANT_CONVERSION = YES;
				CLANG_WARN_DEPRECATED_OBJC_IMPLEMENTATIONS = YES;
				CLANG_WARN_DIRECT_OBJC_ISA_USAGE = YES_ERROR;
				CLANG_WARN_DOCUMENTATION_COMMENTS = YES;
				CLANG_WARN_EMPTY_BODY = YES;
				CLANG_WARN_ENUM_CONVERSION = YES;
				CLANG_WARN_INFINITE_RECURSION = YES;
				CLANG_WARN_INT_CONVERSION = YES;
				CLANG_WARN_NON_LITERAL_NULL_CONVERSION = YES;
				CLANG_WARN_OBJC_IMPLICIT_RETAIN_SELF = YES;
				CLANG_WARN_OBJC_LITERAL_CONVERSION = YES;
				CLANG_WARN_OBJC_ROOT_CLASS = YES_ERROR;
				CLANG_WARN_QUOTED_INCLUDE_IN_FRAMEWORK_HEADER = YES;
				CLANG_WARN_RANGE_LOOP_ANALYSIS = YES;
				CLANG_WARN_STRICT_PROTOTYPES = YES;
				CLANG_WARN_SUSPICIOUS_MOVE = YES;
				CLANG_WARN_UNGUARDED_AVAILABILITY = YES_AGGRESSIVE;
				CLANG_WARN_UNREACHABLE_CODE = YES;
				CLANG_WARN__DUPLICATE_METHOD_MATCH = YES;
				COPY_PHASE_STRIP = NO;
				DEBUG_INFORMATION_FORMAT = "dwarf-with-dsym";
				ENABLE_NS_ASSERTIONS = NO;
				ENABLE_STRICT_OBJC_MSGSEND = YES;
				GCC_C_LANGUAGE_STANDARD = gnu11;
				GCC_NO_COMMON_BLOCKS = YES;
				GCC_WARN_64_TO_32_BIT_CONVERSION = YES;
				GCC_WARN_ABOUT_RETURN_TYPE = YES_ERROR;
				GCC_WARN_UNDECLARED_SELECTOR = YES;
				GCC_WARN_UNINITIALIZED_AUTOS = YES_AGGRESSIVE;
				GCC_WARN_UNUSED_FUNCTION = YES;
				GCC_WARN_UNUSED_VARIABLE = YES;
				IPHONEOS_DEPLOYMENT_TARGET = 12.0;
				MTL_ENABLE_DEBUG_INFO = NO;
				MTL_FAST_MATH = YES;
				SDKROOT = iphoneos;
				SWIFT_COMPILATION_MODE = wholemodule;
				SWIFT_OPTIMIZATION_LEVEL = "-O";
				VALIDATE_PRODUCT = YES;
			};
			name = Release;
		};
		AA86213526EEF6EA007094B8 /* Debug */ = {
			isa = XCBuildConfiguration;
			baseConfigurationReference = D3C9B914A557965FC332A76F /* Pods-TengShiLive.debug.xcconfig */;
			buildSettings = {
				ASSETCATALOG_COMPILER_APPICON_NAME = AppIcon;
				ASSETCATALOG_COMPILER_GLOBAL_ACCENT_COLOR_NAME = AccentColor;
				CLANG_ENABLE_MODULES = YES;
				CODE_SIGN_STYLE = Automatic;
				DEVELOPMENT_TEAM = R2YCF2757L;
				ENABLE_BITCODE = NO;
				FRAMEWORK_SEARCH_PATHS = (
					"$(inherited)",
					"$(PROJECT_DIR)/TengShiLive/Classes/Classlib",
					"$(PROJECT_DIR)/TengShiLive/TengShiLive_iOS",
					"$(PROJECT_DIR)/TengShiLive/TenShiLiveSDK",
				);
				INFOPLIST_FILE = TengShiLive/Info.plist;
				LD_RUNPATH_SEARCH_PATHS = (
					"$(inherited)",
					"@executable_path/Frameworks",
				);
				MARKETING_VERSION = 0.0.2;
				PRODUCT_BUNDLE_IDENTIFIER = com.QMJY.TengShiLive;
				PRODUCT_NAME = "$(TARGET_NAME)";
				SWIFT_OBJC_BRIDGING_HEADER = "TengShiLive/TengShiLive-Bridging-Header.h";
				SWIFT_OPTIMIZATION_LEVEL = "-Onone";
				SWIFT_VERSION = 5.0;
				TARGETED_DEVICE_FAMILY = "1,2";
			};
			name = Debug;
		};
		AA86213626EEF6EA007094B8 /* Release */ = {
			isa = XCBuildConfiguration;
			baseConfigurationReference = 53C1E4A986A0DA765D8A9F12 /* Pods-TengShiLive.release.xcconfig */;
			buildSettings = {
				ASSETCATALOG_COMPILER_APPICON_NAME = AppIcon;
				ASSETCATALOG_COMPILER_GLOBAL_ACCENT_COLOR_NAME = AccentColor;
				CLANG_ENABLE_MODULES = YES;
				CODE_SIGN_STYLE = Automatic;
				DEVELOPMENT_TEAM = R2YCF2757L;
				ENABLE_BITCODE = NO;
				FRAMEWORK_SEARCH_PATHS = (
					"$(inherited)",
					"$(PROJECT_DIR)/TengShiLive/Classes/Classlib",
					"$(PROJECT_DIR)/TengShiLive/TengShiLive_iOS",
					"$(PROJECT_DIR)/TengShiLive/TenShiLiveSDK",
				);
				INFOPLIST_FILE = TengShiLive/Info.plist;
				LD_RUNPATH_SEARCH_PATHS = (
					"$(inherited)",
					"@executable_path/Frameworks",
				);
				MARKETING_VERSION = 0.0.2;
				PRODUCT_BUNDLE_IDENTIFIER = com.QMJY.TengShiLive;
				PRODUCT_NAME = "$(TARGET_NAME)";
				SWIFT_OBJC_BRIDGING_HEADER = "TengShiLive/TengShiLive-Bridging-Header.h";
				SWIFT_VERSION = 5.0;
				TARGETED_DEVICE_FAMILY = "1,2";
			};
			name = Release;
		};
/* End XCBuildConfiguration section */

/* Begin XCConfigurationList section */
		AA86211B26EEF6E9007094B8 /* Build configuration list for PBXProject "TengShiLive" */ = {
			isa = XCConfigurationList;
			buildConfigurations = (
				AA86213226EEF6EA007094B8 /* Debug */,
				AA86213326EEF6EA007094B8 /* Release */,
			);
			defaultConfigurationIsVisible = 0;
			defaultConfigurationName = Release;
		};
		AA86213426EEF6EA007094B8 /* Build configuration list for PBXNativeTarget "TengShiLive" */ = {
			isa = XCConfigurationList;
			buildConfigurations = (
				AA86213526EEF6EA007094B8 /* Debug */,
				AA86213626EEF6EA007094B8 /* Release */,
			);
			defaultConfigurationIsVisible = 0;
			defaultConfigurationName = Release;
		};
/* End XCConfigurationList section */
	};
	rootObject = AA86211826EEF6E9007094B8 /* Project object */;
}
