// !$*UTF8*$!
{
	archiveVersion = 1;
	classes = {
	};
	objectVersion = 51;
	objects = {

/* Begin PBXBuildFile section */
		AA85EA70271D1C0000C73D2A /* UMShareSwiftInterface.swift in Sources */ = {isa = PBXBuildFile; fileRef = AA85EA29271D1C0000C73D2A /* UMShareSwiftInterface.swift */; };
		AA85EA71271D1C0000C73D2A /* UMessageSwiftInterface.swift in Sources */ = {isa = PBXBuildFile; fileRef = AA85EA2A271D1C0000C73D2A /* UMessageSwiftInterface.swift */; };
		AA85EA72271D1C0000C73D2A /* LoginClassroomViewController.swift in Sources */ = {isa = PBXBuildFile; fileRef = AA85EA2E271D1C0000C73D2A /* LoginClassroomViewController.swift */; };
		AA85EA73271D1C0000C73D2A /* AvatarListCell.swift in Sources */ = {isa = PBXBuildFile; fileRef = AA85EA33271D1C0000C73D2A /* AvatarListCell.swift */; };
		AA85EA74271D1C0000C73D2A /* AvatarListViewController.swift in Sources */ = {isa = PBXBuildFile; fileRef = AA85EA34271D1C0000C73D2A /* AvatarListViewController.swift */; };
		AA85EA75271D1C0000C73D2A /* SetClassroomViewController.swift in Sources */ = {isa = PBXBuildFile; fileRef = AA85EA35271D1C0000C73D2A /* SetClassroomViewController.swift */; };
		AA85EA76271D1C0000C73D2A /* VideoNumberCell.swift in Sources */ = {isa = PBXBuildFile; fileRef = AA85EA39271D1C0000C73D2A /* VideoNumberCell.swift */; };
		AA85EA77271D1C0000C73D2A /* CourseDetailViewController.swift in Sources */ = {isa = PBXBuildFile; fileRef = AA85EA3A271D1C0000C73D2A /* CourseDetailViewController.swift */; };
		AA85EA78271D1C0000C73D2A /* HistoryCourseCell.swift in Sources */ = {isa = PBXBuildFile; fileRef = AA85EA3B271D1C0000C73D2A /* HistoryCourseCell.swift */; };
		AA85EA79271D1C0000C73D2A /* HistoryCourseViewController.swift in Sources */ = {isa = PBXBuildFile; fileRef = AA85EA3C271D1C0000C73D2A /* HistoryCourseViewController.swift */; };
		AA85EA7A271D1C0000C73D2A /* HistoryCourseModel.swift in Sources */ = {isa = PBXBuildFile; fileRef = AA85EA3D271D1C0000C73D2A /* HistoryCourseModel.swift */; };
		AA85EA7B271D1C0000C73D2A /* CreateClassroomViewController.swift in Sources */ = {isa = PBXBuildFile; fileRef = AA85EA3F271D1C0000C73D2A /* CreateClassroomViewController.swift */; };
		AA85EA7C271D1C0000C73D2A /* CombinationTextFieldView.swift in Sources */ = {isa = PBXBuildFile; fileRef = AA85EA41271D1C0000C73D2A /* CombinationTextFieldView.swift */; };
		AA85EA7D271D1C0000C73D2A /* QMTextFieldView.swift in Sources */ = {isa = PBXBuildFile; fileRef = AA85EA42271D1C0000C73D2A /* QMTextFieldView.swift */; };
		AA85EA7E271D1C0000C73D2A /* APPLaunchPageViewController.swift in Sources */ = {isa = PBXBuildFile; fileRef = AA85EA44271D1C0000C73D2A /* APPLaunchPageViewController.swift */; };
		AA85EA7F271D1C0000C73D2A /* APPGuidePageViewController.swift in Sources */ = {isa = PBXBuildFile; fileRef = AA85EA46271D1C0000C73D2A /* APPGuidePageViewController.swift */; };
		AA85EA80271D1C0000C73D2A /* LoginAuthModel.swift in Sources */ = {isa = PBXBuildFile; fileRef = AA85EA48271D1C0000C73D2A /* LoginAuthModel.swift */; };
		AA85EA81271D1C0000C73D2A /* BaseNavigationController.swift in Sources */ = {isa = PBXBuildFile; fileRef = AA85EA4B271D1C0000C73D2A /* BaseNavigationController.swift */; };
		AA85EA82271D1C0000C73D2A /* APPTextFieldViewController.swift in Sources */ = {isa = PBXBuildFile; fileRef = AA85EA4D271D1C0000C73D2A /* APPTextFieldViewController.swift */; };
		AA85EA83271D1C0000C73D2A /* UIDevice+Extension.swift in Sources */ = {isa = PBXBuildFile; fileRef = AA85EA4F271D1C0000C73D2A /* UIDevice+Extension.swift */; };
		AA85EA84271D1C0000C73D2A /* UIAlertController+Extension.swift in Sources */ = {isa = PBXBuildFile; fileRef = AA85EA50271D1C0000C73D2A /* UIAlertController+Extension.swift */; };
		AA85EA85271D1C0000C73D2A /* UIFont+Extension.swift in Sources */ = {isa = PBXBuildFile; fileRef = AA85EA51271D1C0000C73D2A /* UIFont+Extension.swift */; };
		AA85EA86271D1C0000C73D2A /* UIColor+Extension.swift in Sources */ = {isa = PBXBuildFile; fileRef = AA85EA52271D1C0000C73D2A /* UIColor+Extension.swift */; };
		AA85EA87271D1C0000C73D2A /* Date+Extension.swift in Sources */ = {isa = PBXBuildFile; fileRef = AA85EA53271D1C0000C73D2A /* Date+Extension.swift */; };
		AA85EA88271D1C0000C73D2A /* UILabel+Extension.swift in Sources */ = {isa = PBXBuildFile; fileRef = AA85EA54271D1C0000C73D2A /* UILabel+Extension.swift */; };
		AA85EA89271D1C0000C73D2A /* UIButton+Extension.swift in Sources */ = {isa = PBXBuildFile; fileRef = AA85EA55271D1C0000C73D2A /* UIButton+Extension.swift */; };
		AA85EA8A271D1C0000C73D2A /* UIView+Extension.swift in Sources */ = {isa = PBXBuildFile; fileRef = AA85EA56271D1C0000C73D2A /* UIView+Extension.swift */; };
		AA85EA8B271D1C0000C73D2A /* UIImage+Extension.swift in Sources */ = {isa = PBXBuildFile; fileRef = AA85EA57271D1C0000C73D2A /* UIImage+Extension.swift */; };
		AA85EA8C271D1C0000C73D2A /* String+Extension.swift in Sources */ = {isa = PBXBuildFile; fileRef = AA85EA58271D1C0000C73D2A /* String+Extension.swift */; };
		AA85EA8D271D1C0000C73D2A /* UIScreen+Extension.swift in Sources */ = {isa = PBXBuildFile; fileRef = AA85EA59271D1C0000C73D2A /* UIScreen+Extension.swift */; };
		AA85EA8E271D1C0000C73D2A /* JSONSerialization+Extension.swift in Sources */ = {isa = PBXBuildFile; fileRef = AA85EA5A271D1C0000C73D2A /* JSONSerialization+Extension.swift */; };
		AA85EA8F271D1C0000C73D2A /* UIBarButtonItem+Extension.swift in Sources */ = {isa = PBXBuildFile; fileRef = AA85EA5B271D1C0000C73D2A /* UIBarButtonItem+Extension.swift */; };
		AA85EA90271D1C0000C73D2A /* Float+Extension.swift in Sources */ = {isa = PBXBuildFile; fileRef = AA85EA5C271D1C0000C73D2A /* Float+Extension.swift */; };
		AA85EA91271D1C0000C73D2A /* Array+Extension.swift in Sources */ = {isa = PBXBuildFile; fileRef = AA85EA5D271D1C0000C73D2A /* Array+Extension.swift */; };
		AA85EA92271D1C0000C73D2A /* APPNetWorkingManager.swift in Sources */ = {isa = PBXBuildFile; fileRef = AA85EA5F271D1C0000C73D2A /* APPNetWorkingManager.swift */; };
		AA85EA93271D1C0000C73D2A /* BaseViewController.swift in Sources */ = {isa = PBXBuildFile; fileRef = AA85EA61271D1C0000C73D2A /* BaseViewController.swift */; };
		AA85EA94271D1C0000C73D2A /* StatusCode.swift in Sources */ = {isa = PBXBuildFile; fileRef = AA85EA63271D1C0000C73D2A /* StatusCode.swift */; };
		AA85EA95271D1C0000C73D2A /* APPHeadFile.swift in Sources */ = {isa = PBXBuildFile; fileRef = AA85EA64271D1C0000C73D2A /* APPHeadFile.swift */; };
		AA85EA96271D1C0000C73D2A /* AuthorizationManager.swift in Sources */ = {isa = PBXBuildFile; fileRef = AA85EA66271D1C0000C73D2A /* AuthorizationManager.swift */; };
		AA85EA97271D1C0000C73D2A /* HUDManager.swift in Sources */ = {isa = PBXBuildFile; fileRef = AA85EA69271D1C0000C73D2A /* HUDManager.swift */; };
		AA85EA98271D1C0000C73D2A /* APPNavigationManager.swift in Sources */ = {isa = PBXBuildFile; fileRef = AA85EA6B271D1C0000C73D2A /* APPNavigationManager.swift */; };
		AA85EA99271D1C0000C73D2A /* APPSingleton.swift in Sources */ = {isa = PBXBuildFile; fileRef = AA85EA6D271D1C0000C73D2A /* APPSingleton.swift */; };
		AA85EA9A271D1C0000C73D2A /* APPTool.swift in Sources */ = {isa = PBXBuildFile; fileRef = AA85EA6F271D1C0000C73D2A /* APPTool.swift */; };
		AA86212426EEF6E9007094B8 /* AppDelegate.swift in Sources */ = {isa = PBXBuildFile; fileRef = AA86212326EEF6E9007094B8 /* AppDelegate.swift */; };
		AA86212B26EEF6E9007094B8 /* Main.storyboard in Resources */ = {isa = PBXBuildFile; fileRef = AA86212926EEF6E9007094B8 /* Main.storyboard */; };
		AA86212D26EEF6EA007094B8 /* Assets.xcassets in Resources */ = {isa = PBXBuildFile; fileRef = AA86212C26EEF6EA007094B8 /* Assets.xcassets */; };
		AA86213026EEF6EA007094B8 /* LaunchScreen.storyboard in Resources */ = {isa = PBXBuildFile; fileRef = AA86212E26EEF6EA007094B8 /* LaunchScreen.storyboard */; };
		CCA1475E19377483FCF57F98 /* Pods_TengShiLive.framework in Frameworks */ = {isa = PBXBuildFile; fileRef = 3EC7B876D990E39C77072DFB /* Pods_TengShiLive.framework */; };
/* End PBXBuildFile section */

/* Begin PBXFileReference section */
		3EC7B876D990E39C77072DFB /* Pods_TengShiLive.framework */ = {isa = PBXFileReference; explicitFileType = wrapper.framework; includeInIndex = 0; path = Pods_TengShiLive.framework; sourceTree = BUILT_PRODUCTS_DIR; };
		53C1E4A986A0DA765D8A9F12 /* Pods-TengShiLive.release.xcconfig */ = {isa = PBXFileReference; includeInIndex = 1; lastKnownFileType = text.xcconfig; name = "Pods-TengShiLive.release.xcconfig"; path = "Target Support Files/Pods-TengShiLive/Pods-TengShiLive.release.xcconfig"; sourceTree = "<group>"; };
		AA85EA29271D1C0000C73D2A /* UMShareSwiftInterface.swift */ = {isa = PBXFileReference; fileEncoding = 4; lastKnownFileType = sourcecode.swift; path = UMShareSwiftInterface.swift; sourceTree = "<group>"; };
		AA85EA2A271D1C0000C73D2A /* UMessageSwiftInterface.swift */ = {isa = PBXFileReference; fileEncoding = 4; lastKnownFileType = sourcecode.swift; path = UMessageSwiftInterface.swift; sourceTree = "<group>"; };
		AA85EA2E271D1C0000C73D2A /* LoginClassroomViewController.swift */ = {isa = PBXFileReference; fileEncoding = 4; lastKnownFileType = sourcecode.swift; path = LoginClassroomViewController.swift; sourceTree = "<group>"; };
		AA85EA33271D1C0000C73D2A /* AvatarListCell.swift */ = {isa = PBXFileReference; fileEncoding = 4; lastKnownFileType = sourcecode.swift; path = AvatarListCell.swift; sourceTree = "<group>"; };
		AA85EA34271D1C0000C73D2A /* AvatarListViewController.swift */ = {isa = PBXFileReference; fileEncoding = 4; lastKnownFileType = sourcecode.swift; path = AvatarListViewController.swift; sourceTree = "<group>"; };
		AA85EA35271D1C0000C73D2A /* SetClassroomViewController.swift */ = {isa = PBXFileReference; fileEncoding = 4; lastKnownFileType = sourcecode.swift; path = SetClassroomViewController.swift; sourceTree = "<group>"; };
		AA85EA39271D1C0000C73D2A /* VideoNumberCell.swift */ = {isa = PBXFileReference; fileEncoding = 4; lastKnownFileType = sourcecode.swift; path = VideoNumberCell.swift; sourceTree = "<group>"; };
		AA85EA3A271D1C0000C73D2A /* CourseDetailViewController.swift */ = {isa = PBXFileReference; fileEncoding = 4; lastKnownFileType = sourcecode.swift; path = CourseDetailViewController.swift; sourceTree = "<group>"; };
		AA85EA3B271D1C0000C73D2A /* HistoryCourseCell.swift */ = {isa = PBXFileReference; fileEncoding = 4; lastKnownFileType = sourcecode.swift; path = HistoryCourseCell.swift; sourceTree = "<group>"; };
		AA85EA3C271D1C0000C73D2A /* HistoryCourseViewController.swift */ = {isa = PBXFileReference; fileEncoding = 4; lastKnownFileType = sourcecode.swift; path = HistoryCourseViewController.swift; sourceTree = "<group>"; };
		AA85EA3D271D1C0000C73D2A /* HistoryCourseModel.swift */ = {isa = PBXFileReference; fileEncoding = 4; lastKnownFileType = sourcecode.swift; path = HistoryCourseModel.swift; sourceTree = "<group>"; };
		AA85EA3F271D1C0000C73D2A /* CreateClassroomViewController.swift */ = {isa = PBXFileReference; fileEncoding = 4; lastKnownFileType = sourcecode.swift; path = CreateClassroomViewController.swift; sourceTree = "<group>"; };
		AA85EA41271D1C0000C73D2A /* CombinationTextFieldView.swift */ = {isa = PBXFileReference; fileEncoding = 4; lastKnownFileType = sourcecode.swift; path = CombinationTextFieldView.swift; sourceTree = "<group>"; };
		AA85EA42271D1C0000C73D2A /* QMTextFieldView.swift */ = {isa = PBXFileReference; fileEncoding = 4; lastKnownFileType = sourcecode.swift; path = QMTextFieldView.swift; sourceTree = "<group>"; };
		AA85EA44271D1C0000C73D2A /* APPLaunchPageViewController.swift */ = {isa = PBXFileReference; fileEncoding = 4; lastKnownFileType = sourcecode.swift; path = APPLaunchPageViewController.swift; sourceTree = "<group>"; };
		AA85EA46271D1C0000C73D2A /* APPGuidePageViewController.swift */ = {isa = PBXFileReference; fileEncoding = 4; lastKnownFileType = sourcecode.swift; path = APPGuidePageViewController.swift; sourceTree = "<group>"; };
		AA85EA48271D1C0000C73D2A /* LoginAuthModel.swift */ = {isa = PBXFileReference; fileEncoding = 4; lastKnownFileType = sourcecode.swift; path = LoginAuthModel.swift; sourceTree = "<group>"; };
		AA85EA4B271D1C0000C73D2A /* BaseNavigationController.swift */ = {isa = PBXFileReference; fileEncoding = 4; lastKnownFileType = sourcecode.swift; path = BaseNavigationController.swift; sourceTree = "<group>"; };
		AA85EA4D271D1C0000C73D2A /* APPTextFieldViewController.swift */ = {isa = PBXFileReference; fileEncoding = 4; lastKnownFileType = sourcecode.swift; path = APPTextFieldViewController.swift; sourceTree = "<group>"; };
		AA85EA4F271D1C0000C73D2A /* UIDevice+Extension.swift */ = {isa = PBXFileReference; fileEncoding = 4; lastKnownFileType = sourcecode.swift; path = "UIDevice+Extension.swift"; sourceTree = "<group>"; };
		AA85EA50271D1C0000C73D2A /* UIAlertController+Extension.swift */ = {isa = PBXFileReference; fileEncoding = 4; lastKnownFileType = sourcecode.swift; path = "UIAlertController+Extension.swift"; sourceTree = "<group>"; };
		AA85EA51271D1C0000C73D2A /* UIFont+Extension.swift */ = {isa = PBXFileReference; fileEncoding = 4; lastKnownFileType = sourcecode.swift; path = "UIFont+Extension.swift"; sourceTree = "<group>"; };
		AA85EA52271D1C0000C73D2A /* UIColor+Extension.swift */ = {isa = PBXFileReference; fileEncoding = 4; lastKnownFileType = sourcecode.swift; path = "UIColor+Extension.swift"; sourceTree = "<group>"; };
		AA85EA53271D1C0000C73D2A /* Date+Extension.swift */ = {isa = PBXFileReference; fileEncoding = 4; lastKnownFileType = sourcecode.swift; path = "Date+Extension.swift"; sourceTree = "<group>"; };
		AA85EA54271D1C0000C73D2A /* UILabel+Extension.swift */ = {isa = PBXFileReference; fileEncoding = 4; lastKnownFileType = sourcecode.swift; path = "UILabel+Extension.swift"; sourceTree = "<group>"; };
		AA85EA55271D1C0000C73D2A /* UIButton+Extension.swift */ = {isa = PBXFileReference; fileEncoding = 4; lastKnownFileType = sourcecode.swift; path = "UIButton+Extension.swift"; sourceTree = "<group>"; };
		AA85EA56271D1C0000C73D2A /* UIView+Extension.swift */ = {isa = PBXFileReference; fileEncoding = 4; lastKnownFileType = sourcecode.swift; path = "UIView+Extension.swift"; sourceTree = "<group>"; };
		AA85EA57271D1C0000C73D2A /* UIImage+Extension.swift */ = {isa = PBXFileReference; fileEncoding = 4; lastKnownFileType = sourcecode.swift; path = "UIImage+Extension.swift"; sourceTree = "<group>"; };
		AA85EA58271D1C0000C73D2A /* String+Extension.swift */ = {isa = PBXFileReference; fileEncoding = 4; lastKnownFileType = sourcecode.swift; path = "String+Extension.swift"; sourceTree = "<group>"; };
		AA85EA59271D1C0000C73D2A /* UIScreen+Extension.swift */ = {isa = PBXFileReference; fileEncoding = 4; lastKnownFileType = sourcecode.swift; path = "UIScreen+Extension.swift"; sourceTree = "<group>"; };
		AA85EA5A271D1C0000C73D2A /* JSONSerialization+Extension.swift */ = {isa = PBXFileReference; fileEncoding = 4; lastKnownFileType = sourcecode.swift; path = "JSONSerialization+Extension.swift"; sourceTree = "<group>"; };
		AA85EA5B271D1C0000C73D2A /* UIBarButtonItem+Extension.swift */ = {isa = PBXFileReference; fileEncoding = 4; lastKnownFileType = sourcecode.swift; path = "UIBarButtonItem+Extension.swift"; sourceTree = "<group>"; };
		AA85EA5C271D1C0000C73D2A /* Float+Extension.swift */ = {isa = PBXFileReference; fileEncoding = 4; lastKnownFileType = sourcecode.swift; path = "Float+Extension.swift"; sourceTree = "<group>"; };
		AA85EA5D271D1C0000C73D2A /* Array+Extension.swift */ = {isa = PBXFileReference; fileEncoding = 4; lastKnownFileType = sourcecode.swift; path = "Array+Extension.swift"; sourceTree = "<group>"; };
		AA85EA5F271D1C0000C73D2A /* APPNetWorkingManager.swift */ = {isa = PBXFileReference; fileEncoding = 4; lastKnownFileType = sourcecode.swift; path = APPNetWorkingManager.swift; sourceTree = "<group>"; };
		AA85EA61271D1C0000C73D2A /* BaseViewController.swift */ = {isa = PBXFileReference; fileEncoding = 4; lastKnownFileType = sourcecode.swift; path = BaseViewController.swift; sourceTree = "<group>"; };
		AA85EA63271D1C0000C73D2A /* StatusCode.swift */ = {isa = PBXFileReference; fileEncoding = 4; lastKnownFileType = sourcecode.swift; path = StatusCode.swift; sourceTree = "<group>"; };
		AA85EA64271D1C0000C73D2A /* APPHeadFile.swift */ = {isa = PBXFileReference; fileEncoding = 4; lastKnownFileType = sourcecode.swift; path = APPHeadFile.swift; sourceTree = "<group>"; };
		AA85EA66271D1C0000C73D2A /* AuthorizationManager.swift */ = {isa = PBXFileReference; fileEncoding = 4; lastKnownFileType = sourcecode.swift; path = AuthorizationManager.swift; sourceTree = "<group>"; };
		AA85EA69271D1C0000C73D2A /* HUDManager.swift */ = {isa = PBXFileReference; fileEncoding = 4; lastKnownFileType = sourcecode.swift; path = HUDManager.swift; sourceTree = "<group>"; };
		AA85EA6B271D1C0000C73D2A /* APPNavigationManager.swift */ = {isa = PBXFileReference; fileEncoding = 4; lastKnownFileType = sourcecode.swift; path = APPNavigationManager.swift; sourceTree = "<group>"; };
		AA85EA6D271D1C0000C73D2A /* APPSingleton.swift */ = {isa = PBXFileReference; fileEncoding = 4; lastKnownFileType = sourcecode.swift; path = APPSingleton.swift; sourceTree = "<group>"; };
		AA85EA6F271D1C0000C73D2A /* APPTool.swift */ = {isa = PBXFileReference; fileEncoding = 4; lastKnownFileType = sourcecode.swift; path = APPTool.swift; sourceTree = "<group>"; };
		AA86212026EEF6E9007094B8 /* TengShiLive.app */ = {isa = PBXFileReference; explicitFileType = wrapper.application; includeInIndex = 0; path = TengShiLive.app; sourceTree = BUILT_PRODUCTS_DIR; };
		AA86212326EEF6E9007094B8 /* AppDelegate.swift */ = {isa = PBXFileReference; lastKnownFileType = sourcecode.swift; path = AppDelegate.swift; sourceTree = "<group>"; };
		AA86212A26EEF6E9007094B8 /* Base */ = {isa = PBXFileReference; lastKnownFileType = file.storyboard; name = Base; path = Base.lproj/Main.storyboard; sourceTree = "<group>"; };
		AA86212C26EEF6EA007094B8 /* Assets.xcassets */ = {isa = PBXFileReference; lastKnownFileType = folder.assetcatalog; path = Assets.xcassets; sourceTree = "<group>"; };
		AA86212F26EEF6EA007094B8 /* Base */ = {isa = PBXFileReference; lastKnownFileType = file.storyboard; name = Base; path = Base.lproj/LaunchScreen.storyboard; sourceTree = "<group>"; };
		AA86213126EEF6EA007094B8 /* Info.plist */ = {isa = PBXFileReference; lastKnownFileType = text.plist.xml; path = Info.plist; sourceTree = "<group>"; };
		AA86213726EF1642007094B8 /* TengShiLive-Bridging-Header.h */ = {isa = PBXFileReference; lastKnownFileType = sourcecode.c.h; path = "TengShiLive-Bridging-Header.h"; sourceTree = "<group>"; };
		D3C9B914A557965FC332A76F /* Pods-TengShiLive.debug.xcconfig */ = {isa = PBXFileReference; includeInIndex = 1; lastKnownFileType = text.xcconfig; name = "Pods-TengShiLive.debug.xcconfig"; path = "Target Support Files/Pods-TengShiLive/Pods-TengShiLive.debug.xcconfig"; sourceTree = "<group>"; };
/* End PBXFileReference section */

/* Begin PBXFrameworksBuildPhase section */
		AA86211D26EEF6E9007094B8 /* Frameworks */ = {
			isa = PBXFrameworksBuildPhase;
			buildActionMask = 2147483647;
			files = (
				CCA1475E19377483FCF57F98 /* Pods_TengShiLive.framework in Frameworks */,
			);
			runOnlyForDeploymentPostprocessing = 0;
		};
/* End PBXFrameworksBuildPhase section */

/* Begin PBXGroup section */
		15726FF62F63DBE0C7E473BB /* Pods */ = {
			isa = PBXGroup;
			children = (
				D3C9B914A557965FC332A76F /* Pods-TengShiLive.debug.xcconfig */,
				53C1E4A986A0DA765D8A9F12 /* Pods-TengShiLive.release.xcconfig */,
			);
			path = Pods;
			sourceTree = "<group>";
		};
		6A8E080514AF472DDBAD6B81 /* Frameworks */ = {
			isa = PBXGroup;
			children = (
				3EC7B876D990E39C77072DFB /* Pods_TengShiLive.framework */,
			);
			name = Frameworks;
			sourceTree = "<group>";
		};
		AA85EA26271D1C0000C73D2A /* Classes */ = {
			isa = PBXGroup;
			children = (
				AA85EA27271D1C0000C73D2A /* Classlib */,
				AA85EA2B271D1C0000C73D2A /* ViewControllers */,
				AA85EA47271D1C0000C73D2A /* Model */,
				AA85EA49271D1C0000C73D2A /* PublicClass */,
				AA85EA67271D1C0000C73D2A /* CustomClass */,
			);
			path = Classes;
			sourceTree = "<group>";
		};
		AA85EA27271D1C0000C73D2A /* Classlib */ = {
			isa = PBXGroup;
			children = (
				AA85EA28271D1C0000C73D2A /* 友盟 */,
			);
			path = Classlib;
			sourceTree = "<group>";
		};
		AA85EA28271D1C0000C73D2A /* 友盟 */ = {
			isa = PBXGroup;
			children = (
				AA85EA29271D1C0000C73D2A /* UMShareSwiftInterface.swift */,
				AA85EA2A271D1C0000C73D2A /* UMessageSwiftInterface.swift */,
			);
			path = "友盟";
			sourceTree = "<group>";
		};
		AA85EA2B271D1C0000C73D2A /* ViewControllers */ = {
			isa = PBXGroup;
			children = (
				AA85EA2C271D1C0000C73D2A /* 开始 */,
			);
			path = ViewControllers;
			sourceTree = "<group>";
		};
		AA85EA2C271D1C0000C73D2A /* 开始 */ = {
			isa = PBXGroup;
			children = (
				AA85EA2D271D1C0000C73D2A /* 直播入口 */,
				AA85EA43271D1C0000C73D2A /* 启动页 */,
				AA85EA45271D1C0000C73D2A /* 引导页 */,
			);
			path = "开始";
			sourceTree = "<group>";
		};
		AA85EA2D271D1C0000C73D2A /* 直播入口 */ = {
			isa = PBXGroup;
			children = (
				AA85EA2E271D1C0000C73D2A /* LoginClassroomViewController.swift */,
				AA85EA2F271D1C0000C73D2A /* NEXT */,
				AA85EA40271D1C0000C73D2A /* View */,
			);
			path = "直播入口";
			sourceTree = "<group>";
		};
		AA85EA2F271D1C0000C73D2A /* NEXT */ = {
			isa = PBXGroup;
			children = (
				AA85EA30271D1C0000C73D2A /* 设置 */,
				AA85EA36271D1C0000C73D2A /* 历史课程 */,
				AA85EA3E271D1C0000C73D2A /* 创建课 */,
			);
			path = NEXT;
			sourceTree = "<group>";
		};
		AA85EA30271D1C0000C73D2A /* 设置 */ = {
			isa = PBXGroup;
			children = (
				AA85EA31271D1C0000C73D2A /* NEXT */,
				AA85EA35271D1C0000C73D2A /* SetClassroomViewController.swift */,
			);
			path = "设置";
			sourceTree = "<group>";
		};
		AA85EA31271D1C0000C73D2A /* NEXT */ = {
			isa = PBXGroup;
			children = (
				AA85EA32271D1C0000C73D2A /* 头像列表 */,
			);
			path = NEXT;
			sourceTree = "<group>";
		};
		AA85EA32271D1C0000C73D2A /* 头像列表 */ = {
			isa = PBXGroup;
			children = (
				AA85EA33271D1C0000C73D2A /* AvatarListCell.swift */,
				AA85EA34271D1C0000C73D2A /* AvatarListViewController.swift */,
			);
			path = "头像列表";
			sourceTree = "<group>";
		};
		AA85EA36271D1C0000C73D2A /* 历史课程 */ = {
			isa = PBXGroup;
			children = (
				AA85EA37271D1C0000C73D2A /* NEXT */,
				AA85EA3B271D1C0000C73D2A /* HistoryCourseCell.swift */,
				AA85EA3C271D1C0000C73D2A /* HistoryCourseViewController.swift */,
				AA85EA3D271D1C0000C73D2A /* HistoryCourseModel.swift */,
			);
			path = "历史课程";
			sourceTree = "<group>";
		};
		AA85EA37271D1C0000C73D2A /* NEXT */ = {
			isa = PBXGroup;
			children = (
				AA85EA38271D1C0000C73D2A /* 课程详情 */,
			);
			path = NEXT;
			sourceTree = "<group>";
		};
		AA85EA38271D1C0000C73D2A /* 课程详情 */ = {
			isa = PBXGroup;
			children = (
				AA85EA39271D1C0000C73D2A /* VideoNumberCell.swift */,
				AA85EA3A271D1C0000C73D2A /* CourseDetailViewController.swift */,
			);
			path = "课程详情";
			sourceTree = "<group>";
		};
		AA85EA3E271D1C0000C73D2A /* 创建课 */ = {
			isa = PBXGroup;
			children = (
				AA85EA3F271D1C0000C73D2A /* CreateClassroomViewController.swift */,
			);
			path = "创建课";
			sourceTree = "<group>";
		};
		AA85EA40271D1C0000C73D2A /* View */ = {
			isa = PBXGroup;
			children = (
				AA85EA41271D1C0000C73D2A /* CombinationTextFieldView.swift */,
				AA85EA42271D1C0000C73D2A /* QMTextFieldView.swift */,
			);
			path = View;
			sourceTree = "<group>";
		};
		AA85EA43271D1C0000C73D2A /* 启动页 */ = {
			isa = PBXGroup;
			children = (
				AA85EA44271D1C0000C73D2A /* APPLaunchPageViewController.swift */,
			);
			path = "启动页";
			sourceTree = "<group>";
		};
		AA85EA45271D1C0000C73D2A /* 引导页 */ = {
			isa = PBXGroup;
			children = (
				AA85EA46271D1C0000C73D2A /* APPGuidePageViewController.swift */,
			);
			path = "引导页";
			sourceTree = "<group>";
		};
		AA85EA47271D1C0000C73D2A /* Model */ = {
			isa = PBXGroup;
			children = (
				AA85EA48271D1C0000C73D2A /* LoginAuthModel.swift */,
			);
			path = Model;
			sourceTree = "<group>";
		};
		AA85EA49271D1C0000C73D2A /* PublicClass */ = {
			isa = PBXGroup;
			children = (
				AA85EA4A271D1C0000C73D2A /* BaseNavigationController */,
				AA85EA4C271D1C0000C73D2A /* InputViewController */,
				AA85EA4E271D1C0000C73D2A /* Extension */,
				AA85EA5E271D1C0000C73D2A /* NetWorkingManager */,
				AA85EA60271D1C0000C73D2A /* BaseViewController */,
				AA85EA62271D1C0000C73D2A /* HeadFile */,
				AA85EA65271D1C0000C73D2A /* AuthorizationManager */,
			);
			path = PublicClass;
			sourceTree = "<group>";
		};
		AA85EA4A271D1C0000C73D2A /* BaseNavigationController */ = {
			isa = PBXGroup;
			children = (
				AA85EA4B271D1C0000C73D2A /* BaseNavigationController.swift */,
			);
			path = BaseNavigationController;
			sourceTree = "<group>";
		};
		AA85EA4C271D1C0000C73D2A /* InputViewController */ = {
			isa = PBXGroup;
			children = (
				AA85EA4D271D1C0000C73D2A /* APPTextFieldViewController.swift */,
			);
			path = InputViewController;
			sourceTree = "<group>";
		};
		AA85EA4E271D1C0000C73D2A /* Extension */ = {
			isa = PBXGroup;
			children = (
				AA85EA4F271D1C0000C73D2A /* UIDevice+Extension.swift */,
				AA85EA50271D1C0000C73D2A /* UIAlertController+Extension.swift */,
				AA85EA51271D1C0000C73D2A /* UIFont+Extension.swift */,
				AA85EA52271D1C0000C73D2A /* UIColor+Extension.swift */,
				AA85EA53271D1C0000C73D2A /* Date+Extension.swift */,
				AA85EA54271D1C0000C73D2A /* UILabel+Extension.swift */,
				AA85EA55271D1C0000C73D2A /* UIButton+Extension.swift */,
				AA85EA56271D1C0000C73D2A /* UIView+Extension.swift */,
				AA85EA57271D1C0000C73D2A /* UIImage+Extension.swift */,
				AA85EA58271D1C0000C73D2A /* String+Extension.swift */,
				AA85EA59271D1C0000C73D2A /* UIScreen+Extension.swift */,
				AA85EA5A271D1C0000C73D2A /* JSONSerialization+Extension.swift */,
				AA85EA5B271D1C0000C73D2A /* UIBarButtonItem+Extension.swift */,
				AA85EA5C271D1C0000C73D2A /* Float+Extension.swift */,
				AA85EA5D271D1C0000C73D2A /* Array+Extension.swift */,
			);
			path = Extension;
			sourceTree = "<group>";
		};
		AA85EA5E271D1C0000C73D2A /* NetWorkingManager */ = {
			isa = PBXGroup;
			children = (
				AA85EA5F271D1C0000C73D2A /* APPNetWorkingManager.swift */,
			);
			path = NetWorkingManager;
			sourceTree = "<group>";
		};
		AA85EA60271D1C0000C73D2A /* BaseViewController */ = {
			isa = PBXGroup;
			children = (
				AA85EA61271D1C0000C73D2A /* BaseViewController.swift */,
			);
			path = BaseViewController;
			sourceTree = "<group>";
		};
		AA85EA62271D1C0000C73D2A /* HeadFile */ = {
			isa = PBXGroup;
			children = (
				AA85EA63271D1C0000C73D2A /* StatusCode.swift */,
				AA85EA64271D1C0000C73D2A /* APPHeadFile.swift */,
			);
			path = HeadFile;
			sourceTree = "<group>";
		};
		AA85EA65271D1C0000C73D2A /* AuthorizationManager */ = {
			isa = PBXGroup;
			children = (
				AA85EA66271D1C0000C73D2A /* AuthorizationManager.swift */,
			);
			path = AuthorizationManager;
			sourceTree = "<group>";
		};
		AA85EA67271D1C0000C73D2A /* CustomClass */ = {
			isa = PBXGroup;
			children = (
				AA85EA68271D1C0000C73D2A /* HUDManager */,
				AA85EA6A271D1C0000C73D2A /* APPNavigationManager */,
				AA85EA6C271D1C0000C73D2A /* APPSingleton */,
				AA85EA6E271D1C0000C73D2A /* Tool */,
			);
			path = CustomClass;
			sourceTree = "<group>";
		};
		AA85EA68271D1C0000C73D2A /* HUDManager */ = {
			isa = PBXGroup;
			children = (
				AA85EA69271D1C0000C73D2A /* HUDManager.swift */,
			);
			path = HUDManager;
			sourceTree = "<group>";
		};
		AA85EA6A271D1C0000C73D2A /* APPNavigationManager */ = {
			isa = PBXGroup;
			children = (
				AA85EA6B271D1C0000C73D2A /* APPNavigationManager.swift */,
			);
			path = APPNavigationManager;
			sourceTree = "<group>";
		};
		AA85EA6C271D1C0000C73D2A /* APPSingleton */ = {
			isa = PBXGroup;
			children = (
				AA85EA6D271D1C0000C73D2A /* APPSingleton.swift */,
			);
			path = APPSingleton;
			sourceTree = "<group>";
		};
		AA85EA6E271D1C0000C73D2A /* Tool */ = {
			isa = PBXGroup;
			children = (
				AA85EA6F271D1C0000C73D2A /* APPTool.swift */,
			);
			path = Tool;
			sourceTree = "<group>";
		};
		AA86211726EEF6E9007094B8 = {
			isa = PBXGroup;
			children = (
				AA86212226EEF6E9007094B8 /* TengShiLive */,
				AA86212126EEF6E9007094B8 /* Products */,
				15726FF62F63DBE0C7E473BB /* Pods */,
				6A8E080514AF472DDBAD6B81 /* Frameworks */,
			);
			sourceTree = "<group>";
		};
		AA86212126EEF6E9007094B8 /* Products */ = {
			isa = PBXGroup;
			children = (
				AA86212026EEF6E9007094B8 /* TengShiLive.app */,
			);
			name = Products;
			sourceTree = "<group>";
		};
		AA86212226EEF6E9007094B8 /* TengShiLive */ = {
			isa = PBXGroup;
			children = (
				AA85EA26271D1C0000C73D2A /* Classes */,
				AA86212326EEF6E9007094B8 /* AppDelegate.swift */,
				AA86212926EEF6E9007094B8 /* Main.storyboard */,
				AA86212C26EEF6EA007094B8 /* Assets.xcassets */,
				AA86212E26EEF6EA007094B8 /* LaunchScreen.storyboard */,
				AA86213126EEF6EA007094B8 /* Info.plist */,
				AA86213726EF1642007094B8 /* TengShiLive-Bridging-Header.h */,
			);
			path = TengShiLive;
			sourceTree = "<group>";
		};
/* End PBXGroup section */

/* Begin PBXNativeTarget section */
		AA86211F26EEF6E9007094B8 /* TengShiLive */ = {
			isa = PBXNativeTarget;
			buildConfigurationList = AA86213426EEF6EA007094B8 /* Build configuration list for PBXNativeTarget "TengShiLive" */;
			buildPhases = (
				8E50E20A9079A4B529EF8B06 /* [CP] Check Pods Manifest.lock */,
				AA86211C26EEF6E9007094B8 /* Sources */,
				AA86211D26EEF6E9007094B8 /* Frameworks */,
				AA86211E26EEF6E9007094B8 /* Resources */,
				796380F39736B988E7018499 /* [CP] Embed Pods Frameworks */,
				A34B210CE1ECE09062F4981C /* [CP] Copy Pods Resources */,
				AAD93BB0271EA85800CD212D /* ShellScript */,
			);
			buildRules = (
			);
			dependencies = (
			);
			name = TengShiLive;
			productName = TengShiLive;
			productReference = AA86212026EEF6E9007094B8 /* TengShiLive.app */;
			productType = "com.apple.product-type.application";
		};
/* End PBXNativeTarget section */

/* Begin PBXProject section */
		AA86211826EEF6E9007094B8 /* Project object */ = {
			isa = PBXProject;
			attributes = {
				LastSwiftUpdateCheck = 1250;
				LastUpgradeCheck = 1250;
				TargetAttributes = {
					AA86211F26EEF6E9007094B8 = {
						CreatedOnToolsVersion = 12.5.1;
						LastSwiftMigration = 1250;
					};
				};
			};
			buildConfigurationList = AA86211B26EEF6E9007094B8 /* Build configuration list for PBXProject "TengShiLive" */;
			compatibilityVersion = "Xcode 9.3";
			developmentRegion = en;
			hasScannedForEncodings = 0;
			knownRegions = (
				en,
				Base,
			);
			mainGroup = AA86211726EEF6E9007094B8;
			productRefGroup = AA86212126EEF6E9007094B8 /* Products */;
			projectDirPath = "";
			projectRoot = "";
			targets = (
				AA86211F26EEF6E9007094B8 /* TengShiLive */,
			);
		};
/* End PBXProject section */

/* Begin PBXResourcesBuildPhase section */
		AA86211E26EEF6E9007094B8 /* Resources */ = {
			isa = PBXResourcesBuildPhase;
			buildActionMask = 2147483647;
			files = (
				AA86213026EEF6EA007094B8 /* LaunchScreen.storyboard in Resources */,
				AA86212D26EEF6EA007094B8 /* Assets.xcassets in Resources */,
				AA86212B26EEF6E9007094B8 /* Main.storyboard in Resources */,
			);
			runOnlyForDeploymentPostprocessing = 0;
		};
/* End PBXResourcesBuildPhase section */

/* Begin PBXShellScriptBuildPhase section */
		796380F39736B988E7018499 /* [CP] Embed Pods Frameworks */ = {
			isa = PBXShellScriptBuildPhase;
			buildActionMask = 2147483647;
			files = (
			);
			inputFileListPaths = (
				"${PODS_ROOT}/Target Support Files/Pods-TengShiLive/Pods-TengShiLive-frameworks-${CONFIGURATION}-input-files.xcfilelist",
			);
			name = "[CP] Embed Pods Frameworks";
			outputFileListPaths = (
				"${PODS_ROOT}/Target Support Files/Pods-TengShiLive/Pods-TengShiLive-frameworks-${CONFIGURATION}-output-files.xcfilelist",
			);
			runOnlyForDeploymentPostprocessing = 0;
			shellPath = /bin/sh;
			shellScript = "\"${PODS_ROOT}/Target Support Files/Pods-TengShiLive/Pods-TengShiLive-frameworks.sh\"\n";
			showEnvVarsInLog = 0;
		};
		8E50E20A9079A4B529EF8B06 /* [CP] Check Pods Manifest.lock */ = {
			isa = PBXShellScriptBuildPhase;
			buildActionMask = 2147483647;
			files = (
			);
			inputFileListPaths = (
			);
			inputPaths = (
				"${PODS_PODFILE_DIR_PATH}/Podfile.lock",
				"${PODS_ROOT}/Manifest.lock",
			);
			name = "[CP] Check Pods Manifest.lock";
			outputFileListPaths = (
			);
			outputPaths = (
				"$(DERIVED_FILE_DIR)/Pods-TengShiLive-checkManifestLockResult.txt",
			);
			runOnlyForDeploymentPostprocessing = 0;
			shellPath = /bin/sh;
			shellScript = "diff \"${PODS_PODFILE_DIR_PATH}/Podfile.lock\" \"${PODS_ROOT}/Manifest.lock\" > /dev/null\nif [ $? != 0 ] ; then\n    # print error to STDERR\n    echo \"error: The sandbox is not in sync with the Podfile.lock. Run 'pod install' or update your CocoaPods installation.\" >&2\n    exit 1\nfi\n# This output is used by Xcode 'outputs' to avoid re-running this script phase.\necho \"SUCCESS\" > \"${SCRIPT_OUTPUT_FILE_0}\"\n";
			showEnvVarsInLog = 0;
		};
		A34B210CE1ECE09062F4981C /* [CP] Copy Pods Resources */ = {
			isa = PBXShellScriptBuildPhase;
			buildActionMask = 2147483647;
			files = (
			);
			inputFileListPaths = (
				"${PODS_ROOT}/Target Support Files/Pods-TengShiLive/Pods-TengShiLive-resources-${CONFIGURATION}-input-files.xcfilelist",
			);
			name = "[CP] Copy Pods Resources";
			outputFileListPaths = (
				"${PODS_ROOT}/Target Support Files/Pods-TengShiLive/Pods-TengShiLive-resources-${CONFIGURATION}-output-files.xcfilelist",
			);
			runOnlyForDeploymentPostprocessing = 0;
			shellPath = /bin/sh;
			shellScript = "\"${PODS_ROOT}/Target Support Files/Pods-TengShiLive/Pods-TengShiLive-resources.sh\"\n";
			showEnvVarsInLog = 0;
		};
		AAD93BB0271EA85800CD212D /* ShellScript */ = {
			isa = PBXShellScriptBuildPhase;
			buildActionMask = 2147483647;
			files = (
			);
			inputFileListPaths = (
			);
			inputPaths = (
			);
			outputFileListPaths = (
			);
			outputPaths = (
			);
			runOnlyForDeploymentPostprocessing = 0;
			shellPath = /bin/sh;
			shellScript = "# Type a script or drag a script file from your workspace to insert its path.\n# Type a script or drag a script file from your workspace to insert its path.\n#!/bin/sh\n#\n# Copyright 2016 Bugly, Tencent. All rights reserved.\n#\n# V1.4.0\n#\n# 2016.08.03\n#\n#\n#\n######################################################\n# 1. 脚本集成到Xcode工程的Target\n######################################################\n#\n# --- Copy the SCRIPT to the Run Script of Build Phases in the Xcode project ---\n#\n# #\nBUGLY_APP_ID=\"1d6af43dc7\"\n# #\nBUGLY_APP_KEY=\"8f656e72-a46c-453f-ab94-2b7625d5254a\"\n# #\nBUNDLE_IDENTIFIER=\"com.QMJY.qmschool\"\n# #\nUPLOAD_DSYM_ONLY=1\n#\n# # 脚本默认配置的版本格式为CFBundleShortVersionString(CFBundleVersion),  如果你修改默认的版本格式, 请设置此变量, 如果不想修改, 请忽略此设置\n# CUSTOMIZED_APP_VERSION=\"\"\n#\n# # Debug模式编译是否上传，1＝上传 0＝不上传，默认不上传\n UPLOAD_DEBUG_SYMBOLS=1\n#\n# # 模拟器编译是否上传，1=上传 0=不上传，默认不上传\n UPLOAD_SIMULATOR_SYMBOLS=0\n#\n# #只有Archive操作时上传, 1=支持Archive上传 0=所有Release模式编译都上传\n# UPLOAD_ARCHIVE_ONLY=0\n#\n# #\n# source dSYMUpload.sh\n#\n# --- END OF SCRIPT ---\n#\n#\n#\n#\n#######################################################\n# 2. 脚本根据输入参数处理\n#######################################################\n#\n# #命令行下输入应用基本信息, .dSYM文件的父目录路径, 输出文件目录即可\n#\n# sh dSYMUpload.sh <bugly_app_id> <bugly_app_key> <app_bundle_identifier> <app_version> <dSYM_src_dir> <bSYMBOL_dest_dir>\n#\n# #\n#\n# #注意:\n# # 1. dSYMUpload.sh会调用buglySymboliOS.jar进行.dSYM解析，所以依赖Java运行时环境\n# # 2. dSYMUpload.sh和buglySymboliOS.jar的文件路径需一致\n#\n#\n\n#\n# --- CONTENT OF SCRIPT ---\n#\n\n# Bugly服务域名\nBUGLY_DSYM_UPLOAD_DOMAIN=\"api.bugly.qq.com\"\n\n# 注意jar工具的路径跟dSYMUpload.sh脚本路径一致, 请务必保证jar路径的正确性\nBUGLY_SYMBOL_JAR_PATH=\"dsymtool/buglySymboliOS.jar\"\n# 查找添加到系统目录的jar工具\nif [ ! -f \"${BUGLY_SYMBOL_JAR_PATH}\" ]; then\n    BUGLY_SYMBOL_JAR_PATH=\"$HOME/bin/buglySymboliOS.jar\"\nfi\n\n# 打印错误信息\nfunction exitWithMessage(){\n    echo \"--------------------------------\"\n    echo \"${1}\"\n    echo \"--------------------------------\"\n    exit ${2}\n}\n\n# 上传bSYMBOL文件\nfunction dSYMUpload() {\n    P_APP_ID=\"$1\"\n    P_APP_KEY=\"$2\"\n    P_APP_BUNDLE_ID=\"$3\"\n    P_APP_VERSION=\"$4\"\n    P_BSYMBOL_ZIP_FILE=\"$5\"\n\n    #\n    P_BSYMBOL_ZIP_FILE_NAME=${P_BSYMBOL_ZIP_FILE##*/}\n    P_BSYMBOL_ZIP_FILE_NAME=${P_BSYMBOL_ZIP_FILE_NAME//&/_}\n    P_BSYMBOL_ZIP_FILE_NAME=\"${P_BSYMBOL_ZIP_FILE_NAME// /_}\"\n\n    DSYM_UPLOAD_URL=\"https://${BUGLY_DSYM_UPLOAD_DOMAIN}/openapi/file/upload/symbol?app_id=${P_APP_ID}&app_key=${P_APP_KEY}\"\n    echo \"dSYM upload url: ${DSYM_UPLOAD_URL}\"\n\n    echo \"-----------------------------\"\n    STATUS=$(/usr/bin/curl -k \"${DSYM_UPLOAD_URL}\" --form \"api_version=1\" --form \"app_id=${P_APP_ID}\" --form \"app_key=${P_APP_KEY}\" --form \"symbolType=2\"  --form \"bundleId=${BUNDLE_IDENTIFIER}\" --form \"productVersion=${BUGLY_APP_VERSION}\" --form \"fileName=${P_BSYMBOL_ZIP_FILE_NAME}\" --form \"file=@${P_BSYMBOL_ZIP_FILE}\" --verbose)\n    echo \"-----------------------------\"\n\n    UPLOAD_RESULT=\"FAILTURE\"\n    echo \"Bugly server response: ${STATUS}\"\n    if [ ! \"${STATUS}\" ]; then\n        echo \"Error: Failed to upload the zip archive file.\"\n    elif [[ \"${STATUS}\" == *\"{\\\"reponseCode\\\":\\\"0\\\"}\"* ]]; then\n        echo \"Success to upload the dSYM for the app [${BUNDLE_IDENTIFIER} ${BUGLY_APP_VERSION}]\"\n        UPLOAD_RESULT=\"SUCCESS\"\n    else\n        echo \"Error: Failed to upload the zip archive file to Bugly.\"\n    fi\n\n    #Remove temp dSYM archive\n    #echo \"Remove temporary zip archive: ${DSYM_ZIP_FPATH}\"\n    #/bin/rm -f \"${DSYM_ZIP_FPATH}\"\n\n    if [ \"$?\" -ne 0 ]; then\n        exitWithMessage \"Error: Failed to remove temporary zip archive.\" 0\n    fi\n\n    echo \"--------------------------------\"\n    echo \"${UPLOAD_RESULT} - dSYM upload complete.\"\n\n    if [[ \"${UPLOAD_RESULT}\" == \"FAILTURE\" ]]; then\n        echo \"--------------------------------\"\n        echo \"Failed to upload the dSYM\"\n        echo \"Please check the script and try it again.\"\n    fi\n}\n\n# .dSYM解析为bSYMBOL文件\nfunction dSYMParse() {\n    DSYM_FILE=\"$1\"\n    DSYM_SYMBOL_FILE=\"$2\"\n\n    echo \"--------------------------------\"\n    echo \"Extract symbol info from .dSYM file. to ${DSYM_SYMBOL_FILE}\"\n    (/usr/bin/java -Xms512m -Xmx1024m -Dfile.encoding=UTF8 -jar \"${BUGLY_SYMBOL_JAR_PATH}\" -i \"${DSYM_FILE}\" -o \"${DSYM_SYMBOL_FILE}\" ) || exitWithMessage \"Error: Failed to extract symbols.\" 1\n    echo \"--------------------------------\"\n\n}\n\n# 执行\nfunction run() {\n\n    CONFIG_BUGLY_APP_ID=\"$1\"\n    CONFIG_BUGLY_APP_KEY=\"$2\"\n\n    CONFIG_BUGLY_APP_BUNDLE_IDENTIFIER=\"$3\"\n    CONFIG_BUGLY_APP_VERSION=\"$4\"\n    CONFIG_DSYM_SOURCE_DIR=\"$5\"\n    CONFIG_DSYM_DEST_DIR=\"$6\"\n    CONFIG_UPLOAD_DSYM_ONLY=\"$7\"\n\n    # 检查必须参数是否设置\n    if [ ! \"${CONFIG_BUGLY_APP_ID}\" ]; then\n        exitWithMessage \"Error: Bugly App ID not defined. Please set 'BUGLY_APP_ID' \" 0\n    fi\n\n    if [[ \"${CONFIG_BUGLY_APP_ID}\" == *\"App ID\"* ]]; then\n        exitWithMessage \"Error: Bugly App ID not defined.\" 0\n    fi\n\n    if [ ! \"${CONFIG_BUGLY_APP_KEY}\" ]; then\n        exitWithMessage \"Error: Bugly App Key not defined.\" 0\n    fi\n\n    if [ ! \"${CONFIG_BUGLY_APP_BUNDLE_IDENTIFIER}\" ]; then\n        exitWithMessage \"Error: Bundle Identifier not defined.\" 0\n    fi\n\n    if [ ! \"${CONFIG_BUGLY_APP_VERSION}\" ]; then\n        exitWithMessage \"Error: App Version not defined.\" 0\n    fi\n\n    if [ ! -e \"${CONFIG_DSYM_SOURCE_DIR}\" ]; then\n        exitWithMessage \"Error: Invalid dir ${CONFIG_DSYM_SOURCE_DIR}\" 0\n    fi\n\n    if [ ! \"${CONFIG_DSYM_DEST_DIR}\" ]; then\n        exitWithMessage \"Error: Invalid dir ${CONFIG_DSYM_DEST_DIR}\" 0\n    fi\n\n    if [ ! -e \"${CONFIG_DSYM_DEST_DIR}\" ]; then\n        mkdir ${CONFIG_DSYM_DEST_DIR}\n    fi\n\n    DSYM_FOLDER=\"${CONFIG_DSYM_SOURCE_DIR}\"\n    IFS=$'\\n'\n\n    echo \"Scaning dSYM FOLDER: ${DSYM_FOLDER} ...\"\n    RET=\"F\"\n    \n    #\n    for dsymFile in $(find \"$DSYM_FOLDER\" -name '*.dSYM'); do\n        RET=\"T\"\n        echo \"Found dSYM file: $dsymFile\"\n\n        DSYM_FILE_NAME=${dsymFile##*/}\n        DSYM_SYMBOL_ZIP_FILE_NAME=\"${DSYM_FILE_NAME}.zip\"\n        DSYM_SYMBOL_ZIP_FILE_NAME=\"${DSYM_SYMBOL_ZIP_FILE_NAME// /_}\"\n        DSYM_SYMBOL_ZIP_FILE=${CONFIG_DSYM_DEST_DIR}/${DSYM_SYMBOL_ZIP_FILE_NAME}\n\n        if [ $CONFIG_UPLOAD_DSYM_ONLY -eq 1 ]; then\n            if [ -e $DSYM_SYMBOL_ZIP_FILE ]; then\n                rm -f $DSYM_SYMBOL_ZIP_FILE\n            fi\n            # 如果只上传dSYM，直接压缩dSYM目录\n            zip -r -j $DSYM_SYMBOL_ZIP_FILE $dsymFile -x *.plist\n        else\n            # 使用符号表工具来生成Symbol文件\n            dSYMParse $dsymFile $DSYM_SYMBOL_ZIP_FILE\n        fi\n        \n        # 上传\n        dSYMUpload $CONFIG_BUGLY_APP_ID $CONFIG_BUGLY_APP_KEY $CONFIG_BUGLY_APP_BUNDLE_IDENTIFIER $CONFIG_BUGLY_APP_VERSION $DSYM_SYMBOL_ZIP_FILE\n    done\n\n    if [ $RET = \"F\" ]; then\n        exitWithMessage \"No .dSYM found in ${DSYM_FOLDER}\" 0\n    fi\n}\n\n# 在Xcode工程中执行\nfunction runInXcode(){\n    echo \"Uploading dSYM to Bugly in Xcode ...\"\n\n    echo \"Info.Plist : ${INFOPLIST_FILE}\"\n\n    BUNDLE_VERSION=$(/usr/libexec/PlistBuddy -c 'Print CFBundleVersion' \"${INFOPLIST_FILE}\")\n    BUNDLE_SHORT_VERSION=$(/usr/libexec/PlistBuddy -c 'Print CFBundleShortVersionString' \"${INFOPLIST_FILE}\")\n\n    # 组装Bugly默认识别的版本信息(格式为CFBundleShortVersionString(CFBundleVersion), 例如: 1.0(1))\n    if [ ! \"${CUSTOMIZED_APP_VERSION}\" ]; then\n        BUGLY_APP_VERSION=\"${BUNDLE_SHORT_VERSION}(${BUNDLE_VERSION})\"\n    else\n        BUGLY_APP_VERSION=\"${CUSTOMIZED_APP_VERSION}\"\n    fi\n\n    echo \"--------------------------------\"\n    echo \"Prepare application information.\"\n    echo \"--------------------------------\"\n\n    echo \"Product Name: ${PRODUCT_NAME}\"\n    echo \"Bundle Identifier: ${BUNDLE_IDENTIFIER}\"\n    echo \"Version: ${BUNDLE_SHORT_VERSION}\"\n    echo \"Build: ${BUNDLE_VERSION}\"\n\n    echo \"Bugly App ID: ${BUGLY_APP_ID}\"\n    echo \"Bugly App key: ${BUGLY_APP_KEY}\"\n    echo \"Bugly App Version: ${BUGLY_APP_VERSION}\"\n\n    echo \"--------------------------------\"\n    echo \"Check the arguments ...\"\n\n    ##检查模拟器编译是否允许上传符号\n    if [ \"$EFFECTIVE_PLATFORM_NAME\" == \"-iphonesimulator\" ]; then\n    if [ $UPLOAD_SIMULATOR_SYMBOLS -eq 0 ]; then\n        exitWithMessage \"Warning: Build for simulator and skipping to upload. \\nYou can modify 'UPLOAD_SIMULATOR_SYMBOLS' to 1 in the script.\" 0\n    fi\n    fi\n\n    ##检查是否是Release模式编译\n    if [ \"${CONFIGURATION=}\" == \"Debug\" ]; then\n    if [ $UPLOAD_DEBUG_SYMBOLS -eq 0 ]; then\n        exitWithMessage \"Warning: Build for debug mode and skipping to upload. \\nYou can modify 'UPLOAD_DEBUG_SYMBOLS' to 1 in the script.\" 0\n    fi\n    fi\n\n    ##检查是否Archive操作\n    if [ $UPLOAD_ARCHIVE_ONLY -eq 1 ]; then\n    if [[ \"$TARGET_BUILD_DIR\" == *\"/Archive\"* ]]; then\n        echo \"Archive the package\"\n    else\n        exitWithMessage \"Warning: Build for NOT Archive mode and skipping to upload. \\nYou can modify 'UPLOAD_ARCHIVE_ONLY' to 0 in the script.\" 0\n    fi\n    fi\n\n    #\n    run ${BUGLY_APP_ID} ${BUGLY_APP_KEY} ${BUNDLE_IDENTIFIER} ${BUGLY_APP_VERSION} ${DWARF_DSYM_FOLDER_PATH} ${BUILD_DIR}/BuglySymbolTemp ${UPLOAD_DSYM_ONLY}\n}\n\n# 根据Xcode的环境变量判断是否处于Xcode环境\nINFO_PLIST_FILE=\"${INFOPLIST_FILE}\"\n\nBuildInXcode=\"F\"\nif [ -f \"${INFO_PLIST_FILE}\" ]; then\n    BuildInXcode=\"T\"\nfi\n\nif [ $BuildInXcode = \"T\" ]; then\n    runInXcode\nelse\n    echo \"\\nUsage: dSYMUpload.sh <bugly_app_id> <bugly_app_key> <app_bundle_identifier> <app_version> <dSYM_src_dir> <bSYMBOL_dest_dir> [upload_dsym_only]\\n\"\n    # 你可以在此处直接设置BuglyAppID和BuglyAppKey，排除不常变参数的输入\n    BUGLY_APP_ID=\"$1\"\n    BUGLY_APP_KEY=\"$2\"\n    BUNDLE_IDENTIFIER=\"$3\"\n    BUGLY_APP_VERSION=\"$4\"\n    DWARF_DSYM_FOLDER_PATH=\"$5\"\n    SYMBOL_OUTPUT_PATH=\"$6\"\n    UPLOAD_DSYM_ONLY=$7\n    run ${BUGLY_APP_ID} ${BUGLY_APP_KEY} ${BUNDLE_IDENTIFIER} ${BUGLY_APP_VERSION} ${DWARF_DSYM_FOLDER_PATH} ${SYMBOL_OUTPUT_PATH} ${UPLOAD_DSYM_ONLY}\nfi\n";
		};
/* End PBXShellScriptBuildPhase section */

/* Begin PBXSourcesBuildPhase section */
		AA86211C26EEF6E9007094B8 /* Sources */ = {
			isa = PBXSourcesBuildPhase;
			buildActionMask = 2147483647;
			files = (
				AA85EA87271D1C0000C73D2A /* Date+Extension.swift in Sources */,
				AA85EA92271D1C0000C73D2A /* APPNetWorkingManager.swift in Sources */,
				AA85EA8D271D1C0000C73D2A /* UIScreen+Extension.swift in Sources */,
				AA85EA76271D1C0000C73D2A /* VideoNumberCell.swift in Sources */,
				AA85EA83271D1C0000C73D2A /* UIDevice+Extension.swift in Sources */,
				AA85EA84271D1C0000C73D2A /* UIAlertController+Extension.swift in Sources */,
				AA85EA99271D1C0000C73D2A /* APPSingleton.swift in Sources */,
				AA85EA7B271D1C0000C73D2A /* CreateClassroomViewController.swift in Sources */,
				AA85EA72271D1C0000C73D2A /* LoginClassroomViewController.swift in Sources */,
				AA85EA85271D1C0000C73D2A /* UIFont+Extension.swift in Sources */,
				AA85EA90271D1C0000C73D2A /* Float+Extension.swift in Sources */,
				AA85EA9A271D1C0000C73D2A /* APPTool.swift in Sources */,
				AA85EA79271D1C0000C73D2A /* HistoryCourseViewController.swift in Sources */,
				AA85EA97271D1C0000C73D2A /* HUDManager.swift in Sources */,
				AA85EA95271D1C0000C73D2A /* APPHeadFile.swift in Sources */,
				AA85EA93271D1C0000C73D2A /* BaseViewController.swift in Sources */,
				AA85EA74271D1C0000C73D2A /* AvatarListViewController.swift in Sources */,
				AA85EA91271D1C0000C73D2A /* Array+Extension.swift in Sources */,
				AA85EA7D271D1C0000C73D2A /* QMTextFieldView.swift in Sources */,
				AA85EA81271D1C0000C73D2A /* BaseNavigationController.swift in Sources */,
				AA85EA96271D1C0000C73D2A /* AuthorizationManager.swift in Sources */,
				AA85EA71271D1C0000C73D2A /* UMessageSwiftInterface.swift in Sources */,
				AA86212426EEF6E9007094B8 /* AppDelegate.swift in Sources */,
				AA85EA78271D1C0000C73D2A /* HistoryCourseCell.swift in Sources */,
				AA85EA89271D1C0000C73D2A /* UIButton+Extension.swift in Sources */,
				AA85EA8F271D1C0000C73D2A /* UIBarButtonItem+Extension.swift in Sources */,
				AA85EA7A271D1C0000C73D2A /* HistoryCourseModel.swift in Sources */,
				AA85EA75271D1C0000C73D2A /* SetClassroomViewController.swift in Sources */,
				AA85EA86271D1C0000C73D2A /* UIColor+Extension.swift in Sources */,
				AA85EA94271D1C0000C73D2A /* StatusCode.swift in Sources */,
				AA85EA70271D1C0000C73D2A /* UMShareSwiftInterface.swift in Sources */,
				AA85EA8E271D1C0000C73D2A /* JSONSerialization+Extension.swift in Sources */,
				AA85EA7E271D1C0000C73D2A /* APPLaunchPageViewController.swift in Sources */,
				AA85EA80271D1C0000C73D2A /* LoginAuthModel.swift in Sources */,
				AA85EA77271D1C0000C73D2A /* CourseDetailViewController.swift in Sources */,
				AA85EA8B271D1C0000C73D2A /* UIImage+Extension.swift in Sources */,
				AA85EA8A271D1C0000C73D2A /* UIView+Extension.swift in Sources */,
				AA85EA82271D1C0000C73D2A /* APPTextFieldViewController.swift in Sources */,
				AA85EA7C271D1C0000C73D2A /* CombinationTextFieldView.swift in Sources */,
				AA85EA98271D1C0000C73D2A /* APPNavigationManager.swift in Sources */,
				AA85EA73271D1C0000C73D2A /* AvatarListCell.swift in Sources */,
				AA85EA88271D1C0000C73D2A /* UILabel+Extension.swift in Sources */,
				AA85EA8C271D1C0000C73D2A /* String+Extension.swift in Sources */,
				AA85EA7F271D1C0000C73D2A /* APPGuidePageViewController.swift in Sources */,
			);
			runOnlyForDeploymentPostprocessing = 0;
		};
/* End PBXSourcesBuildPhase section */

/* Begin PBXVariantGroup section */
		AA86212926EEF6E9007094B8 /* Main.storyboard */ = {
			isa = PBXVariantGroup;
			children = (
				AA86212A26EEF6E9007094B8 /* Base */,
			);
			name = Main.storyboard;
			sourceTree = "<group>";
		};
		AA86212E26EEF6EA007094B8 /* LaunchScreen.storyboard */ = {
			isa = PBXVariantGroup;
			children = (
				AA86212F26EEF6EA007094B8 /* Base */,
			);
			name = LaunchScreen.storyboard;
			sourceTree = "<group>";
		};
/* End PBXVariantGroup section */

/* Begin XCBuildConfiguration section */
		AA86213226EEF6EA007094B8 /* Debug */ = {
			isa = XCBuildConfiguration;
			buildSettings = {
				ALWAYS_SEARCH_USER_PATHS = NO;
				CLANG_ANALYZER_NONNULL = YES;
				CLANG_ANALYZER_NUMBER_OBJECT_CONVERSION = YES_AGGRESSIVE;
				CLANG_CXX_LANGUAGE_STANDARD = "gnu++14";
				CLANG_CXX_LIBRARY = "libc++";
				CLANG_ENABLE_MODULES = YES;
				CLANG_ENABLE_OBJC_ARC = YES;
				CLANG_ENABLE_OBJC_WEAK = YES;
				CLANG_WARN_BLOCK_CAPTURE_AUTORELEASING = YES;
				CLANG_WARN_BOOL_CONVERSION = YES;
				CLANG_WARN_COMMA = YES;
				CLANG_WARN_CONSTANT_CONVERSION = YES;
				CLANG_WARN_DEPRECATED_OBJC_IMPLEMENTATIONS = YES;
				CLANG_WARN_DIRECT_OBJC_ISA_USAGE = YES_ERROR;
				CLANG_WARN_DOCUMENTATION_COMMENTS = YES;
				CLANG_WARN_EMPTY_BODY = YES;
				CLANG_WARN_ENUM_CONVERSION = YES;
				CLANG_WARN_INFINITE_RECURSION = YES;
				CLANG_WARN_INT_CONVERSION = YES;
				CLANG_WARN_NON_LITERAL_NULL_CONVERSION = YES;
				CLANG_WARN_OBJC_IMPLICIT_RETAIN_SELF = YES;
				CLANG_WARN_OBJC_LITERAL_CONVERSION = YES;
				CLANG_WARN_OBJC_ROOT_CLASS = YES_ERROR;
				CLANG_WARN_QUOTED_INCLUDE_IN_FRAMEWORK_HEADER = YES;
				CLANG_WARN_RANGE_LOOP_ANALYSIS = YES;
				CLANG_WARN_STRICT_PROTOTYPES = YES;
				CLANG_WARN_SUSPICIOUS_MOVE = YES;
				CLANG_WARN_UNGUARDED_AVAILABILITY = YES_AGGRESSIVE;
				CLANG_WARN_UNREACHABLE_CODE = YES;
				CLANG_WARN__DUPLICATE_METHOD_MATCH = YES;
				COPY_PHASE_STRIP = NO;
				DEBUG_INFORMATION_FORMAT = dwarf;
				ENABLE_STRICT_OBJC_MSGSEND = YES;
				ENABLE_TESTABILITY = YES;
				GCC_C_LANGUAGE_STANDARD = gnu11;
				GCC_DYNAMIC_NO_PIC = NO;
				GCC_NO_COMMON_BLOCKS = YES;
				GCC_OPTIMIZATION_LEVEL = 0;
				GCC_PREPROCESSOR_DEFINITIONS = (
					"DEBUG=1",
					"$(inherited)",
				);
				GCC_WARN_64_TO_32_BIT_CONVERSION = YES;
				GCC_WARN_ABOUT_RETURN_TYPE = YES_ERROR;
				GCC_WARN_UNDECLARED_SELECTOR = YES;
				GCC_WARN_UNINITIALIZED_AUTOS = YES_AGGRESSIVE;
				GCC_WARN_UNUSED_FUNCTION = YES;
				GCC_WARN_UNUSED_VARIABLE = YES;
				IPHONEOS_DEPLOYMENT_TARGET = 12.0;
				MTL_ENABLE_DEBUG_INFO = INCLUDE_SOURCE;
				MTL_FAST_MATH = YES;
				ONLY_ACTIVE_ARCH = YES;
				SDKROOT = iphoneos;
				SWIFT_ACTIVE_COMPILATION_CONDITIONS = DEBUG;
				SWIFT_OPTIMIZATION_LEVEL = "-Onone";
			};
			name = Debug;
		};
		AA86213326EEF6EA007094B8 /* Release */ = {
			isa = XCBuildConfiguration;
			buildSettings = {
				ALWAYS_SEARCH_USER_PATHS = NO;
				CLANG_ANALYZER_NONNULL = YES;
				CLANG_ANALYZER_NUMBER_OBJECT_CONVERSION = YES_AGGRESSIVE;
				CLANG_CXX_LANGUAGE_STANDARD = "gnu++14";
				CLANG_CXX_LIBRARY = "libc++";
				CLANG_ENABLE_MODULES = YES;
				CLANG_ENABLE_OBJC_ARC = YES;
				CLANG_ENABLE_OBJC_WEAK = YES;
				CLANG_WARN_BLOCK_CAPTURE_AUTORELEASING = YES;
				CLANG_WARN_BOOL_CONVERSION = YES;
				CLANG_WARN_COMMA = YES;
				CLANG_WARN_CONSTANT_CONVERSION = YES;
				CLANG_WARN_DEPRECATED_OBJC_IMPLEMENTATIONS = YES;
				CLANG_WARN_DIRECT_OBJC_ISA_USAGE = YES_ERROR;
				CLANG_WARN_DOCUMENTATION_COMMENTS = YES;
				CLANG_WARN_EMPTY_BODY = YES;
				CLANG_WARN_ENUM_CONVERSION = YES;
				CLANG_WARN_INFINITE_RECURSION = YES;
				CLANG_WARN_INT_CONVERSION = YES;
				CLANG_WARN_NON_LITERAL_NULL_CONVERSION = YES;
				CLANG_WARN_OBJC_IMPLICIT_RETAIN_SELF = YES;
				CLANG_WARN_OBJC_LITERAL_CONVERSION = YES;
				CLANG_WARN_OBJC_ROOT_CLASS = YES_ERROR;
				CLANG_WARN_QUOTED_INCLUDE_IN_FRAMEWORK_HEADER = YES;
				CLANG_WARN_RANGE_LOOP_ANALYSIS = YES;
				CLANG_WARN_STRICT_PROTOTYPES = YES;
				CLANG_WARN_SUSPICIOUS_MOVE = YES;
				CLANG_WARN_UNGUARDED_AVAILABILITY = YES_AGGRESSIVE;
				CLANG_WARN_UNREACHABLE_CODE = YES;
				CLANG_WARN__DUPLICATE_METHOD_MATCH = YES;
				COPY_PHASE_STRIP = NO;
				DEBUG_INFORMATION_FORMAT = "dwarf-with-dsym";
				ENABLE_NS_ASSERTIONS = NO;
				ENABLE_STRICT_OBJC_MSGSEND = YES;
				GCC_C_LANGUAGE_STANDARD = gnu11;
				GCC_NO_COMMON_BLOCKS = YES;
				GCC_WARN_64_TO_32_BIT_CONVERSION = YES;
				GCC_WARN_ABOUT_RETURN_TYPE = YES_ERROR;
				GCC_WARN_UNDECLARED_SELECTOR = YES;
				GCC_WARN_UNINITIALIZED_AUTOS = YES_AGGRESSIVE;
				GCC_WARN_UNUSED_FUNCTION = YES;
				GCC_WARN_UNUSED_VARIABLE = YES;
				IPHONEOS_DEPLOYMENT_TARGET = 12.0;
				MTL_ENABLE_DEBUG_INFO = NO;
				MTL_FAST_MATH = YES;
				SDKROOT = iphoneos;
				SWIFT_COMPILATION_MODE = wholemodule;
				SWIFT_OPTIMIZATION_LEVEL = "-O";
				VALIDATE_PRODUCT = YES;
			};
			name = Release;
		};
		AA86213526EEF6EA007094B8 /* Debug */ = {
			isa = XCBuildConfiguration;
			baseConfigurationReference = D3C9B914A557965FC332A76F /* Pods-TengShiLive.debug.xcconfig */;
			buildSettings = {
				ASSETCATALOG_COMPILER_APPICON_NAME = AppIcon;
				ASSETCATALOG_COMPILER_GLOBAL_ACCENT_COLOR_NAME = AccentColor;
				CLANG_ENABLE_MODULES = YES;
				CODE_SIGN_STYLE = Automatic;
				CURRENT_PROJECT_VERSION = 1;
				DEVELOPMENT_TEAM = R2YCF2757L;
				ENABLE_BITCODE = NO;
				FRAMEWORK_SEARCH_PATHS = (
					"$(inherited)",
					"$(PROJECT_DIR)/TengShiLive/Classes/Classlib",
					"$(PROJECT_DIR)/TengShiLive/TengShiLive_iOS",
					"$(PROJECT_DIR)/TengShiLive/TenShiLiveSDK",
				);
				INFOPLIST_FILE = TengShiLive/Info.plist;
				LD_RUNPATH_SEARCH_PATHS = (
					"$(inherited)",
					"@executable_path/Frameworks",
				);
				MARKETING_VERSION = 1.0.0;
				PRODUCT_BUNDLE_IDENTIFIER = com.QMJY.qmschool;
				PRODUCT_NAME = "$(TARGET_NAME)";
				SWIFT_OBJC_BRIDGING_HEADER = "TengShiLive/TengShiLive-Bridging-Header.h";
				SWIFT_OPTIMIZATION_LEVEL = "-Onone";
				SWIFT_VERSION = 5.0;
				TARGETED_DEVICE_FAMILY = "1,2";
			};
			name = Debug;
		};
		AA86213626EEF6EA007094B8 /* Release */ = {
			isa = XCBuildConfiguration;
			baseConfigurationReference = 53C1E4A986A0DA765D8A9F12 /* Pods-TengShiLive.release.xcconfig */;
			buildSettings = {
				ASSETCATALOG_COMPILER_APPICON_NAME = AppIcon;
				ASSETCATALOG_COMPILER_GLOBAL_ACCENT_COLOR_NAME = AccentColor;
				CLANG_ENABLE_MODULES = YES;
				CODE_SIGN_STYLE = Automatic;
				CURRENT_PROJECT_VERSION = 1;
				DEVELOPMENT_TEAM = R2YCF2757L;
				ENABLE_BITCODE = NO;
				FRAMEWORK_SEARCH_PATHS = (
					"$(inherited)",
					"$(PROJECT_DIR)/TengShiLive/Classes/Classlib",
					"$(PROJECT_DIR)/TengShiLive/TengShiLive_iOS",
					"$(PROJECT_DIR)/TengShiLive/TenShiLiveSDK",
				);
				INFOPLIST_FILE = TengShiLive/Info.plist;
				LD_RUNPATH_SEARCH_PATHS = (
					"$(inherited)",
					"@executable_path/Frameworks",
				);
				MARKETING_VERSION = 1.0.0;
				PRODUCT_BUNDLE_IDENTIFIER = com.QMJY.qmschool;
				PRODUCT_NAME = "$(TARGET_NAME)";
				SWIFT_OBJC_BRIDGING_HEADER = "TengShiLive/TengShiLive-Bridging-Header.h";
				SWIFT_VERSION = 5.0;
				TARGETED_DEVICE_FAMILY = "1,2";
			};
			name = Release;
		};
/* End XCBuildConfiguration section */

/* Begin XCConfigurationList section */
		AA86211B26EEF6E9007094B8 /* Build configuration list for PBXProject "TengShiLive" */ = {
			isa = XCConfigurationList;
			buildConfigurations = (
				AA86213226EEF6EA007094B8 /* Debug */,
				AA86213326EEF6EA007094B8 /* Release */,
			);
			defaultConfigurationIsVisible = 0;
			defaultConfigurationName = Release;
		};
		AA86213426EEF6EA007094B8 /* Build configuration list for PBXNativeTarget "TengShiLive" */ = {
			isa = XCConfigurationList;
			buildConfigurations = (
				AA86213526EEF6EA007094B8 /* Debug */,
				AA86213626EEF6EA007094B8 /* Release */,
			);
			defaultConfigurationIsVisible = 0;
			defaultConfigurationName = Release;
		};
/* End XCConfigurationList section */
	};
	rootObject = AA86211826EEF6E9007094B8 /* Project object */;
}
